// !$*UTF8*$!
{
	archiveVersion = 1;
	classes = {
	};
	objectVersion = 56;
	objects = {

/* Begin PBXBuildFile section */
		87226D4E2ADED29F00D13189 /* FeedPresenterTests.swift in Sources */ = {isa = PBXBuildFile; fileRef = 87226D4D2ADED29F00D13189 /* FeedPresenterTests.swift */; };
		87226D532ADED6DA00D13189 /* ErrorView.swift in Sources */ = {isa = PBXBuildFile; fileRef = 87226D522ADED6DA00D13189 /* ErrorView.swift */; };
		87226D5E2ADEDDE600D13189 /* FeedPresenter.swift in Sources */ = {isa = PBXBuildFile; fileRef = 87226D5D2ADEDDE600D13189 /* FeedPresenter.swift */; };
		87226D662ADEDE0600D13189 /* FeedLoadingViewModel.swift in Sources */ = {isa = PBXBuildFile; fileRef = 87226D552ADEDAA900D13189 /* FeedLoadingViewModel.swift */; };
		87226D672ADEDE0600D13189 /* FeedViewModel.swift in Sources */ = {isa = PBXBuildFile; fileRef = 87226D582ADEDBE900D13189 /* FeedViewModel.swift */; };
		87226D682ADEDE0600D13189 /* Feed.xcstrings in Resources */ = {isa = PBXBuildFile; fileRef = 87226D5A2ADEDD2400D13189 /* Feed.xcstrings */; };
		87226D692ADEDE0600D13189 /* FeedErrorViewModel.swift in Sources */ = {isa = PBXBuildFile; fileRef = 87226D542ADEDAA900D13189 /* FeedErrorViewModel.swift */; };
		87226D6B2ADEDF8D00D13189 /* XCTestCase+Localizable.swift in Sources */ = {isa = PBXBuildFile; fileRef = 87226D6A2ADEDF8D00D13189 /* XCTestCase+Localizable.swift */; };
		87226D6C2ADEDF8D00D13189 /* XCTestCase+Localizable.swift in Sources */ = {isa = PBXBuildFile; fileRef = 87226D6A2ADEDF8D00D13189 /* XCTestCase+Localizable.swift */; };
		87226D6E2ADEF21900D13189 /* FeedImagePresenterTests.swift in Sources */ = {isa = PBXBuildFile; fileRef = 87226D6D2ADEF21900D13189 /* FeedImagePresenterTests.swift */; };
		87226D722ADEF9DE00D13189 /* FeedImagePresenter.swift in Sources */ = {isa = PBXBuildFile; fileRef = 87226D712ADEF9DE00D13189 /* FeedImagePresenter.swift */; };
		87226D732ADEF9FB00D13189 /* FeedImageViewModel.swift in Sources */ = {isa = PBXBuildFile; fileRef = 87226D6F2ADEF3F800D13189 /* FeedImageViewModel.swift */; };
		87226E012ADFF49500D13189 /* FeedImageDataLoader.swift in Sources */ = {isa = PBXBuildFile; fileRef = 87D94BE12ADADB3F003ED23C /* FeedImageDataLoader.swift */; };
		87226E042ADFFC6400D13189 /* HTTPClientSpy.swift in Sources */ = {isa = PBXBuildFile; fileRef = 87226E032ADFFC6400D13189 /* HTTPClientSpy.swift */; };
		87226E072ADFFED300D13189 /* HTTPURLResponse+Helpers.swift in Sources */ = {isa = PBXBuildFile; fileRef = 87226E062ADFFED300D13189 /* HTTPURLResponse+Helpers.swift */; };
		87226E092AE0031100D13189 /* URLProtocolStub.swift in Sources */ = {isa = PBXBuildFile; fileRef = 87226E082AE0031100D13189 /* URLProtocolStub.swift */; };
		87226E0B2AE0100000D13189 /* RemoteFeedImageLoaderTests.swift in Sources */ = {isa = PBXBuildFile; fileRef = 87226E0A2AE0100000D13189 /* RemoteFeedImageLoaderTests.swift */; };
		87226E0D2AE0254D00D13189 /* RemoteFeedImageDataLoader.swift in Sources */ = {isa = PBXBuildFile; fileRef = 87226E0C2AE0254D00D13189 /* RemoteFeedImageDataLoader.swift */; };
		87226E0F2AE031C400D13189 /* CoreDataFeedStore+FeedStore.swift in Sources */ = {isa = PBXBuildFile; fileRef = 87226E0E2AE031C400D13189 /* CoreDataFeedStore+FeedStore.swift */; };
		873E05C62AE2A2D000F60EBE /* FeedImageDataCache.swift in Sources */ = {isa = PBXBuildFile; fileRef = 873E05C52AE2A2D000F60EBE /* FeedImageDataCache.swift */; };
		875D1FDB2A7A625E00B9210B /* XCTestCase+Utils.swift in Sources */ = {isa = PBXBuildFile; fileRef = 875D1FDA2A7A625E00B9210B /* XCTestCase+Utils.swift */; };
		875D1FDD2A7A76C000B9210B /* URLSessionHTTPClient.swift in Sources */ = {isa = PBXBuildFile; fileRef = 875D1FDC2A7A76C000B9210B /* URLSessionHTTPClient.swift */; };
		875D1FE52A7A7CD100B9210B /* EssentialFeedAPIEndToEndTests.swift in Sources */ = {isa = PBXBuildFile; fileRef = 875D1FE42A7A7CD100B9210B /* EssentialFeedAPIEndToEndTests.swift */; };
		875D1FE62A7A7CD100B9210B /* EssentialFeed.framework in Frameworks */ = {isa = PBXBuildFile; fileRef = 87D5E7962A78492D00D6142E /* EssentialFeed.framework */; };
		878233A92AD40F34004B1FC6 /* LocalFeedLoader.swift in Sources */ = {isa = PBXBuildFile; fileRef = 878233A82AD40F34004B1FC6 /* LocalFeedLoader.swift */; };
		878233AB2AD41DCA004B1FC6 /* LocalFeedImage.swift in Sources */ = {isa = PBXBuildFile; fileRef = 878233AA2AD41DCA004B1FC6 /* LocalFeedImage.swift */; };
		878233AD2AD41DE3004B1FC6 /* FeedStore.swift in Sources */ = {isa = PBXBuildFile; fileRef = 878233AC2AD41DE3004B1FC6 /* FeedStore.swift */; };
		878233AF2AD41EAA004B1FC6 /* FeedCachePolicy.swift in Sources */ = {isa = PBXBuildFile; fileRef = 878233AE2AD41EAA004B1FC6 /* FeedCachePolicy.swift */; };
		878233B22AD43097004B1FC6 /* FeedStoreSpecs.swift in Sources */ = {isa = PBXBuildFile; fileRef = 878233B12AD43097004B1FC6 /* FeedStoreSpecs.swift */; };
		878233B52AD430D3004B1FC6 /* XCTestCase+FailableDeleteFeedStoreSpecs.swift in Sources */ = {isa = PBXBuildFile; fileRef = 878233B42AD430D3004B1FC6 /* XCTestCase+FailableDeleteFeedStoreSpecs.swift */; };
		878233B72AD430F8004B1FC6 /* XCTestCase+FailableInsertFeedStoreSpecs.swift in Sources */ = {isa = PBXBuildFile; fileRef = 878233B62AD430F8004B1FC6 /* XCTestCase+FailableInsertFeedStoreSpecs.swift */; };
		878233B92AD4314E004B1FC6 /* XCTestCase+FailableRetrieveFeedStoreSpecs.swift in Sources */ = {isa = PBXBuildFile; fileRef = 878233B82AD4314E004B1FC6 /* XCTestCase+FailableRetrieveFeedStoreSpecs.swift */; };
		878233BB2AD4318C004B1FC6 /* XCTestCase+FeedStoreSpecs.swift in Sources */ = {isa = PBXBuildFile; fileRef = 878233BA2AD4318C004B1FC6 /* XCTestCase+FeedStoreSpecs.swift */; };
		878233BF2AD43547004B1FC6 /* FeedStore.xcdatamodeld in Sources */ = {isa = PBXBuildFile; fileRef = 878233BD2AD43547004B1FC6 /* FeedStore.xcdatamodeld */; };
		878233C22AD436B3004B1FC6 /* CoreDataHelpers.swift in Sources */ = {isa = PBXBuildFile; fileRef = 878233C12AD436B3004B1FC6 /* CoreDataHelpers.swift */; };
		878233C42AD43707004B1FC6 /* CoreDataFeedStore.swift in Sources */ = {isa = PBXBuildFile; fileRef = 878233C32AD43707004B1FC6 /* CoreDataFeedStore.swift */; };
		878233C62AD440C5004B1FC6 /* CoreDataFeedStoreTests.swift in Sources */ = {isa = PBXBuildFile; fileRef = 878233C52AD440C5004B1FC6 /* CoreDataFeedStoreTests.swift */; };
		878233CE2AD453A5004B1FC6 /* EssentialFeedCacheIntegrationTests.swift in Sources */ = {isa = PBXBuildFile; fileRef = 878233CD2AD453A5004B1FC6 /* EssentialFeedCacheIntegrationTests.swift */; };
		878233CF2AD453A5004B1FC6 /* EssentialFeed.framework in Frameworks */ = {isa = PBXBuildFile; fileRef = 87D5E7962A78492D00D6142E /* EssentialFeed.framework */; };
		87825ED12A7A90C700A98F36 /* XCTestCase+Utils.swift in Sources */ = {isa = PBXBuildFile; fileRef = 875D1FDA2A7A625E00B9210B /* XCTestCase+Utils.swift */; };
		87A5FC292AE03A680087C621 /* FeedImageDataStore.swift in Sources */ = {isa = PBXBuildFile; fileRef = 87A5FC282AE03A680087C621 /* FeedImageDataStore.swift */; };
		87A5FC2B2AE03AFA0087C621 /* LocalFeedImageDataLoader.swift in Sources */ = {isa = PBXBuildFile; fileRef = 87A5FC2A2AE03AFA0087C621 /* LocalFeedImageDataLoader.swift */; };
		87A5FC2E2AE03BCD0087C621 /* LocalFeedImageDataLoaderTests+Load.swift in Sources */ = {isa = PBXBuildFile; fileRef = 87A5FC2D2AE03BCD0087C621 /* LocalFeedImageDataLoaderTests+Load.swift */; };
		87A5FC302AE042FC0087C621 /* LocalFeedImageDataLoaderTests+Save.swift in Sources */ = {isa = PBXBuildFile; fileRef = 87A5FC2F2AE042FC0087C621 /* LocalFeedImageDataLoaderTests+Save.swift */; };
		87A5FC332AE043590087C621 /* FeedImageDataStoreSpy.swift in Sources */ = {isa = PBXBuildFile; fileRef = 87A5FC322AE043590087C621 /* FeedImageDataStoreSpy.swift */; };
		87A5FC352AE04A0D0087C621 /* CoreDataFeedStore+FeedImageDataStore.swift in Sources */ = {isa = PBXBuildFile; fileRef = 87A5FC342AE04A0D0087C621 /* CoreDataFeedStore+FeedImageDataStore.swift */; };
		87A5FC372AE04DA80087C621 /* CoreDataFeedImageDataStoreTests.swift in Sources */ = {isa = PBXBuildFile; fileRef = 87A5FC362AE04DA80087C621 /* CoreDataFeedImageDataStoreTests.swift */; };
		87A5FC522AE19CB20087C621 /* FeedCache.swift in Sources */ = {isa = PBXBuildFile; fileRef = 87A5FC512AE19CB20087C621 /* FeedCache.swift */; };
		87D52FD82AD455A00073AF4F /* XCTestCase+Utils.swift in Sources */ = {isa = PBXBuildFile; fileRef = 875D1FDA2A7A625E00B9210B /* XCTestCase+Utils.swift */; };
		87D52FF02AD6BFFE0073AF4F /* EssentialFeediOS.framework in Frameworks */ = {isa = PBXBuildFile; fileRef = 87D52FE82AD6BFFD0073AF4F /* EssentialFeediOS.framework */; };
		87D530032AD6D9730073AF4F /* XCTestCase+Utils.swift in Sources */ = {isa = PBXBuildFile; fileRef = 875D1FDA2A7A625E00B9210B /* XCTestCase+Utils.swift */; };
		87D530052AD6E71C0073AF4F /* FeedViewController.swift in Sources */ = {isa = PBXBuildFile; fileRef = 87D530042AD6E71C0073AF4F /* FeedViewController.swift */; };
		87D530072AD6E7A20073AF4F /* EssentialFeed.framework in Frameworks */ = {isa = PBXBuildFile; fileRef = 87D5E7962A78492D00D6142E /* EssentialFeed.framework */; platformFilter = ios; };
		87D530082AD6E7A20073AF4F /* EssentialFeed.framework in Embed Frameworks */ = {isa = PBXBuildFile; fileRef = 87D5E7962A78492D00D6142E /* EssentialFeed.framework */; platformFilter = ios; settings = {ATTRIBUTES = (CodeSignOnCopy, RemoveHeadersOnCopy, ); }; };
		87D5300D2AD709CE0073AF4F /* UIView+Shimmering.swift in Sources */ = {isa = PBXBuildFile; fileRef = 87D5300C2AD709CE0073AF4F /* UIView+Shimmering.swift */; };
		87D5300F2AD845510073AF4F /* FeedItemCell.swift in Sources */ = {isa = PBXBuildFile; fileRef = 87D5300E2AD845510073AF4F /* FeedItemCell.swift */; };
		87D5E7A12A78492E00D6142E /* EssentialFeed.framework in Frameworks */ = {isa = PBXBuildFile; fileRef = 87D5E7962A78492D00D6142E /* EssentialFeed.framework */; };
		87D5E7A62A78492E00D6142E /* RemoteFeedLoaderTests.swift in Sources */ = {isa = PBXBuildFile; fileRef = 87D5E7A52A78492E00D6142E /* RemoteFeedLoaderTests.swift */; };
		87D5E7B52A792A2E00D6142E /* RemoteFeedLoader.swift in Sources */ = {isa = PBXBuildFile; fileRef = 87D5E7B12A792A2600D6142E /* RemoteFeedLoader.swift */; };
		87D5E7B62A792A3200D6142E /* FeedLoader.swift in Sources */ = {isa = PBXBuildFile; fileRef = 87D5E7B32A792A2800D6142E /* FeedLoader.swift */; };
		87D5E7B72A792A3200D6142E /* FeedItem.swift in Sources */ = {isa = PBXBuildFile; fileRef = 87D5E7B42A792A2800D6142E /* FeedItem.swift */; };
		87D5E7B92A7966C000D6142E /* HTTPClient.swift in Sources */ = {isa = PBXBuildFile; fileRef = 87D5E7B82A7966C000D6142E /* HTTPClient.swift */; };
		87D5E7BB2A79676600D6142E /* FeedItemMapper.swift in Sources */ = {isa = PBXBuildFile; fileRef = 87D5E7BA2A79676600D6142E /* FeedItemMapper.swift */; };
		87D5E7BD2A798E9900D6142E /* URLSessionHTTPClientTests.swift in Sources */ = {isa = PBXBuildFile; fileRef = 87D5E7BC2A798E9900D6142E /* URLSessionHTTPClientTests.swift */; };
		87D94BE62ADAF77D003ED23C /* FeedCellController.swift in Sources */ = {isa = PBXBuildFile; fileRef = 87D94BE52ADAF77D003ED23C /* FeedCellController.swift */; };
		87D94BFB2ADD4AE2003ED23C /* Feed.storyboard in Resources */ = {isa = PBXBuildFile; fileRef = 87D94BFA2ADD4AE2003ED23C /* Feed.storyboard */; };
		87D94BFD2ADD5552003ED23C /* UITableView+Utils.swift in Sources */ = {isa = PBXBuildFile; fileRef = 87D94BFC2ADD5552003ED23C /* UITableView+Utils.swift */; };
		87D94BFF2ADD5C0A003ED23C /* UIImageView+Animations.swift in Sources */ = {isa = PBXBuildFile; fileRef = 87D94BFE2ADD5C0A003ED23C /* UIImageView+Animations.swift */; };
/* End PBXBuildFile section */

/* Begin PBXContainerItemProxy section */
		875D1FE72A7A7CD100B9210B /* PBXContainerItemProxy */ = {
			isa = PBXContainerItemProxy;
			containerPortal = 87D5E78D2A78492D00D6142E /* Project object */;
			proxyType = 1;
			remoteGlobalIDString = 87D5E7952A78492D00D6142E;
			remoteInfo = EssentialFeed;
		};
		878233D02AD453A5004B1FC6 /* PBXContainerItemProxy */ = {
			isa = PBXContainerItemProxy;
			containerPortal = 87D5E78D2A78492D00D6142E /* Project object */;
			proxyType = 1;
			remoteGlobalIDString = 87D5E7952A78492D00D6142E;
			remoteInfo = EssentialFeed;
		};
		87D52FF12AD6BFFE0073AF4F /* PBXContainerItemProxy */ = {
			isa = PBXContainerItemProxy;
			containerPortal = 87D5E78D2A78492D00D6142E /* Project object */;
			proxyType = 1;
			remoteGlobalIDString = 87D52FE72AD6BFFD0073AF4F;
			remoteInfo = EssentialFeediOS;
		};
		87D530092AD6E7A20073AF4F /* PBXContainerItemProxy */ = {
			isa = PBXContainerItemProxy;
			containerPortal = 87D5E78D2A78492D00D6142E /* Project object */;
			proxyType = 1;
			remoteGlobalIDString = 87D5E7952A78492D00D6142E;
			remoteInfo = EssentialFeed;
		};
		87D5E7A22A78492E00D6142E /* PBXContainerItemProxy */ = {
			isa = PBXContainerItemProxy;
			containerPortal = 87D5E78D2A78492D00D6142E /* Project object */;
			proxyType = 1;
			remoteGlobalIDString = 87D5E7952A78492D00D6142E;
			remoteInfo = EssentialFeed;
		};
/* End PBXContainerItemProxy section */

/* Begin PBXCopyFilesBuildPhase section */
		87D5300B2AD6E7A20073AF4F /* Embed Frameworks */ = {
			isa = PBXCopyFilesBuildPhase;
			buildActionMask = 2147483647;
			dstPath = "";
			dstSubfolderSpec = 10;
			files = (
				87D530082AD6E7A20073AF4F /* EssentialFeed.framework in Embed Frameworks */,
			);
			name = "Embed Frameworks";
			runOnlyForDeploymentPostprocessing = 0;
		};
/* End PBXCopyFilesBuildPhase section */

/* Begin PBXFileReference section */
		87226D4D2ADED29F00D13189 /* FeedPresenterTests.swift */ = {isa = PBXFileReference; lastKnownFileType = sourcecode.swift; path = FeedPresenterTests.swift; sourceTree = "<group>"; };
		87226D522ADED6DA00D13189 /* ErrorView.swift */ = {isa = PBXFileReference; lastKnownFileType = sourcecode.swift; path = ErrorView.swift; sourceTree = "<group>"; };
		87226D542ADEDAA900D13189 /* FeedErrorViewModel.swift */ = {isa = PBXFileReference; lastKnownFileType = sourcecode.swift; path = FeedErrorViewModel.swift; sourceTree = "<group>"; };
		87226D552ADEDAA900D13189 /* FeedLoadingViewModel.swift */ = {isa = PBXFileReference; lastKnownFileType = sourcecode.swift; path = FeedLoadingViewModel.swift; sourceTree = "<group>"; };
		87226D582ADEDBE900D13189 /* FeedViewModel.swift */ = {isa = PBXFileReference; lastKnownFileType = sourcecode.swift; path = FeedViewModel.swift; sourceTree = "<group>"; };
		87226D5A2ADEDD2400D13189 /* Feed.xcstrings */ = {isa = PBXFileReference; lastKnownFileType = text.json.xcstrings; path = Feed.xcstrings; sourceTree = "<group>"; };
		87226D5D2ADEDDE600D13189 /* FeedPresenter.swift */ = {isa = PBXFileReference; lastKnownFileType = sourcecode.swift; path = FeedPresenter.swift; sourceTree = "<group>"; };
		87226D6A2ADEDF8D00D13189 /* XCTestCase+Localizable.swift */ = {isa = PBXFileReference; lastKnownFileType = sourcecode.swift; path = "XCTestCase+Localizable.swift"; sourceTree = "<group>"; };
		87226D6D2ADEF21900D13189 /* FeedImagePresenterTests.swift */ = {isa = PBXFileReference; lastKnownFileType = sourcecode.swift; path = FeedImagePresenterTests.swift; sourceTree = "<group>"; };
		87226D6F2ADEF3F800D13189 /* FeedImageViewModel.swift */ = {isa = PBXFileReference; lastKnownFileType = sourcecode.swift; path = FeedImageViewModel.swift; sourceTree = "<group>"; };
		87226D712ADEF9DE00D13189 /* FeedImagePresenter.swift */ = {isa = PBXFileReference; lastKnownFileType = sourcecode.swift; path = FeedImagePresenter.swift; sourceTree = "<group>"; };
		87226E032ADFFC6400D13189 /* HTTPClientSpy.swift */ = {isa = PBXFileReference; lastKnownFileType = sourcecode.swift; path = HTTPClientSpy.swift; sourceTree = "<group>"; };
		87226E062ADFFED300D13189 /* HTTPURLResponse+Helpers.swift */ = {isa = PBXFileReference; lastKnownFileType = sourcecode.swift; path = "HTTPURLResponse+Helpers.swift"; sourceTree = "<group>"; };
		87226E082AE0031100D13189 /* URLProtocolStub.swift */ = {isa = PBXFileReference; lastKnownFileType = sourcecode.swift; path = URLProtocolStub.swift; sourceTree = "<group>"; };
		87226E0A2AE0100000D13189 /* RemoteFeedImageLoaderTests.swift */ = {isa = PBXFileReference; lastKnownFileType = sourcecode.swift; path = RemoteFeedImageLoaderTests.swift; sourceTree = "<group>"; };
		87226E0C2AE0254D00D13189 /* RemoteFeedImageDataLoader.swift */ = {isa = PBXFileReference; lastKnownFileType = sourcecode.swift; path = RemoteFeedImageDataLoader.swift; sourceTree = "<group>"; };
		87226E0E2AE031C400D13189 /* CoreDataFeedStore+FeedStore.swift */ = {isa = PBXFileReference; lastKnownFileType = sourcecode.swift; path = "CoreDataFeedStore+FeedStore.swift"; sourceTree = "<group>"; };
		873E05C52AE2A2D000F60EBE /* FeedImageDataCache.swift */ = {isa = PBXFileReference; lastKnownFileType = sourcecode.swift; path = FeedImageDataCache.swift; sourceTree = "<group>"; };
		875D1FDA2A7A625E00B9210B /* XCTestCase+Utils.swift */ = {isa = PBXFileReference; lastKnownFileType = sourcecode.swift; path = "XCTestCase+Utils.swift"; sourceTree = "<group>"; };
		875D1FDC2A7A76C000B9210B /* URLSessionHTTPClient.swift */ = {isa = PBXFileReference; lastKnownFileType = sourcecode.swift; path = URLSessionHTTPClient.swift; sourceTree = "<group>"; };
		875D1FE22A7A7CD100B9210B /* EssentialFeedAPIEndToEndTests.xctest */ = {isa = PBXFileReference; explicitFileType = wrapper.cfbundle; includeInIndex = 0; path = EssentialFeedAPIEndToEndTests.xctest; sourceTree = BUILT_PRODUCTS_DIR; };
		875D1FE42A7A7CD100B9210B /* EssentialFeedAPIEndToEndTests.swift */ = {isa = PBXFileReference; lastKnownFileType = sourcecode.swift; path = EssentialFeedAPIEndToEndTests.swift; sourceTree = "<group>"; };
		878233A82AD40F34004B1FC6 /* LocalFeedLoader.swift */ = {isa = PBXFileReference; lastKnownFileType = sourcecode.swift; path = LocalFeedLoader.swift; sourceTree = "<group>"; };
		878233AA2AD41DCA004B1FC6 /* LocalFeedImage.swift */ = {isa = PBXFileReference; lastKnownFileType = sourcecode.swift; path = LocalFeedImage.swift; sourceTree = "<group>"; };
		878233AC2AD41DE3004B1FC6 /* FeedStore.swift */ = {isa = PBXFileReference; lastKnownFileType = sourcecode.swift; path = FeedStore.swift; sourceTree = "<group>"; };
		878233AE2AD41EAA004B1FC6 /* FeedCachePolicy.swift */ = {isa = PBXFileReference; lastKnownFileType = sourcecode.swift; path = FeedCachePolicy.swift; sourceTree = "<group>"; };
		878233B12AD43097004B1FC6 /* FeedStoreSpecs.swift */ = {isa = PBXFileReference; lastKnownFileType = sourcecode.swift; path = FeedStoreSpecs.swift; sourceTree = "<group>"; };
		878233B42AD430D3004B1FC6 /* XCTestCase+FailableDeleteFeedStoreSpecs.swift */ = {isa = PBXFileReference; lastKnownFileType = sourcecode.swift; path = "XCTestCase+FailableDeleteFeedStoreSpecs.swift"; sourceTree = "<group>"; };
		878233B62AD430F8004B1FC6 /* XCTestCase+FailableInsertFeedStoreSpecs.swift */ = {isa = PBXFileReference; lastKnownFileType = sourcecode.swift; path = "XCTestCase+FailableInsertFeedStoreSpecs.swift"; sourceTree = "<group>"; };
		878233B82AD4314E004B1FC6 /* XCTestCase+FailableRetrieveFeedStoreSpecs.swift */ = {isa = PBXFileReference; lastKnownFileType = sourcecode.swift; path = "XCTestCase+FailableRetrieveFeedStoreSpecs.swift"; sourceTree = "<group>"; };
		878233BA2AD4318C004B1FC6 /* XCTestCase+FeedStoreSpecs.swift */ = {isa = PBXFileReference; lastKnownFileType = sourcecode.swift; path = "XCTestCase+FeedStoreSpecs.swift"; sourceTree = "<group>"; };
		878233BE2AD43547004B1FC6 /* FeedStore.xcdatamodel */ = {isa = PBXFileReference; lastKnownFileType = wrapper.xcdatamodel; path = FeedStore.xcdatamodel; sourceTree = "<group>"; };
		878233C12AD436B3004B1FC6 /* CoreDataHelpers.swift */ = {isa = PBXFileReference; lastKnownFileType = sourcecode.swift; path = CoreDataHelpers.swift; sourceTree = "<group>"; };
		878233C32AD43707004B1FC6 /* CoreDataFeedStore.swift */ = {isa = PBXFileReference; lastKnownFileType = sourcecode.swift; path = CoreDataFeedStore.swift; sourceTree = "<group>"; };
		878233C52AD440C5004B1FC6 /* CoreDataFeedStoreTests.swift */ = {isa = PBXFileReference; lastKnownFileType = sourcecode.swift; path = CoreDataFeedStoreTests.swift; sourceTree = "<group>"; };
		878233CB2AD453A5004B1FC6 /* EssentialFeedCacheIntegrationTests.xctest */ = {isa = PBXFileReference; explicitFileType = wrapper.cfbundle; includeInIndex = 0; path = EssentialFeedCacheIntegrationTests.xctest; sourceTree = BUILT_PRODUCTS_DIR; };
		878233CD2AD453A5004B1FC6 /* EssentialFeedCacheIntegrationTests.swift */ = {isa = PBXFileReference; lastKnownFileType = sourcecode.swift; path = EssentialFeedCacheIntegrationTests.swift; sourceTree = "<group>"; };
		87825ED02A7A905F00A98F36 /* CI.xctestplan */ = {isa = PBXFileReference; lastKnownFileType = text; path = CI.xctestplan; sourceTree = "<group>"; };
		87A5FC282AE03A680087C621 /* FeedImageDataStore.swift */ = {isa = PBXFileReference; lastKnownFileType = sourcecode.swift; path = FeedImageDataStore.swift; sourceTree = "<group>"; };
		87A5FC2A2AE03AFA0087C621 /* LocalFeedImageDataLoader.swift */ = {isa = PBXFileReference; lastKnownFileType = sourcecode.swift; path = LocalFeedImageDataLoader.swift; sourceTree = "<group>"; };
		87A5FC2D2AE03BCD0087C621 /* LocalFeedImageDataLoaderTests+Load.swift */ = {isa = PBXFileReference; lastKnownFileType = sourcecode.swift; path = "LocalFeedImageDataLoaderTests+Load.swift"; sourceTree = "<group>"; };
		87A5FC2F2AE042FC0087C621 /* LocalFeedImageDataLoaderTests+Save.swift */ = {isa = PBXFileReference; lastKnownFileType = sourcecode.swift; path = "LocalFeedImageDataLoaderTests+Save.swift"; sourceTree = "<group>"; };
		87A5FC322AE043590087C621 /* FeedImageDataStoreSpy.swift */ = {isa = PBXFileReference; lastKnownFileType = sourcecode.swift; path = FeedImageDataStoreSpy.swift; sourceTree = "<group>"; };
		87A5FC342AE04A0D0087C621 /* CoreDataFeedStore+FeedImageDataStore.swift */ = {isa = PBXFileReference; lastKnownFileType = sourcecode.swift; path = "CoreDataFeedStore+FeedImageDataStore.swift"; sourceTree = "<group>"; };
		87A5FC362AE04DA80087C621 /* CoreDataFeedImageDataStoreTests.swift */ = {isa = PBXFileReference; lastKnownFileType = sourcecode.swift; path = CoreDataFeedImageDataStoreTests.swift; sourceTree = "<group>"; };
		87A5FC512AE19CB20087C621 /* FeedCache.swift */ = {isa = PBXFileReference; lastKnownFileType = sourcecode.swift; path = FeedCache.swift; sourceTree = "<group>"; };
		87D52FE82AD6BFFD0073AF4F /* EssentialFeediOS.framework */ = {isa = PBXFileReference; explicitFileType = wrapper.framework; includeInIndex = 0; path = EssentialFeediOS.framework; sourceTree = BUILT_PRODUCTS_DIR; };
		87D52FEF2AD6BFFD0073AF4F /* EssentialFeediOSTests.xctest */ = {isa = PBXFileReference; explicitFileType = wrapper.cfbundle; includeInIndex = 0; path = EssentialFeediOSTests.xctest; sourceTree = BUILT_PRODUCTS_DIR; };
		87D52FFD2AD6C13C0073AF4F /* CI_iOS.xctestplan */ = {isa = PBXFileReference; lastKnownFileType = text; path = CI_iOS.xctestplan; sourceTree = "<group>"; };
		87D530022AD6D7ED0073AF4F /* EssentialFeediOS.xctestplan */ = {isa = PBXFileReference; lastKnownFileType = text; path = EssentialFeediOS.xctestplan; sourceTree = "<group>"; };
		87D530042AD6E71C0073AF4F /* FeedViewController.swift */ = {isa = PBXFileReference; lastKnownFileType = sourcecode.swift; path = FeedViewController.swift; sourceTree = "<group>"; };
		87D5300C2AD709CE0073AF4F /* UIView+Shimmering.swift */ = {isa = PBXFileReference; lastKnownFileType = sourcecode.swift; path = "UIView+Shimmering.swift"; sourceTree = "<group>"; };
		87D5300E2AD845510073AF4F /* FeedItemCell.swift */ = {isa = PBXFileReference; lastKnownFileType = sourcecode.swift; path = FeedItemCell.swift; sourceTree = "<group>"; };
		87D5E7962A78492D00D6142E /* EssentialFeed.framework */ = {isa = PBXFileReference; explicitFileType = wrapper.framework; includeInIndex = 0; path = EssentialFeed.framework; sourceTree = BUILT_PRODUCTS_DIR; };
		87D5E7A02A78492E00D6142E /* EssentialFeedTests.xctest */ = {isa = PBXFileReference; explicitFileType = wrapper.cfbundle; includeInIndex = 0; path = EssentialFeedTests.xctest; sourceTree = BUILT_PRODUCTS_DIR; };
		87D5E7A52A78492E00D6142E /* RemoteFeedLoaderTests.swift */ = {isa = PBXFileReference; lastKnownFileType = sourcecode.swift; path = RemoteFeedLoaderTests.swift; sourceTree = "<group>"; };
		87D5E7B12A792A2600D6142E /* RemoteFeedLoader.swift */ = {isa = PBXFileReference; lastKnownFileType = sourcecode.swift; path = RemoteFeedLoader.swift; sourceTree = "<group>"; };
		87D5E7B32A792A2800D6142E /* FeedLoader.swift */ = {isa = PBXFileReference; lastKnownFileType = sourcecode.swift; path = FeedLoader.swift; sourceTree = "<group>"; };
		87D5E7B42A792A2800D6142E /* FeedItem.swift */ = {isa = PBXFileReference; lastKnownFileType = sourcecode.swift; path = FeedItem.swift; sourceTree = "<group>"; };
		87D5E7B82A7966C000D6142E /* HTTPClient.swift */ = {isa = PBXFileReference; lastKnownFileType = sourcecode.swift; path = HTTPClient.swift; sourceTree = "<group>"; };
		87D5E7BA2A79676600D6142E /* FeedItemMapper.swift */ = {isa = PBXFileReference; lastKnownFileType = sourcecode.swift; path = FeedItemMapper.swift; sourceTree = "<group>"; };
		87D5E7BC2A798E9900D6142E /* URLSessionHTTPClientTests.swift */ = {isa = PBXFileReference; lastKnownFileType = sourcecode.swift; path = URLSessionHTTPClientTests.swift; sourceTree = "<group>"; };
		87D94BE12ADADB3F003ED23C /* FeedImageDataLoader.swift */ = {isa = PBXFileReference; lastKnownFileType = sourcecode.swift; path = FeedImageDataLoader.swift; sourceTree = "<group>"; };
		87D94BE52ADAF77D003ED23C /* FeedCellController.swift */ = {isa = PBXFileReference; lastKnownFileType = sourcecode.swift; path = FeedCellController.swift; sourceTree = "<group>"; };
		87D94BFA2ADD4AE2003ED23C /* Feed.storyboard */ = {isa = PBXFileReference; lastKnownFileType = file.storyboard; path = Feed.storyboard; sourceTree = "<group>"; };
		87D94BFC2ADD5552003ED23C /* UITableView+Utils.swift */ = {isa = PBXFileReference; lastKnownFileType = sourcecode.swift; path = "UITableView+Utils.swift"; sourceTree = "<group>"; };
		87D94BFE2ADD5C0A003ED23C /* UIImageView+Animations.swift */ = {isa = PBXFileReference; lastKnownFileType = sourcecode.swift; path = "UIImageView+Animations.swift"; sourceTree = "<group>"; };
/* End PBXFileReference section */

/* Begin PBXFrameworksBuildPhase section */
		875D1FDF2A7A7CD100B9210B /* Frameworks */ = {
			isa = PBXFrameworksBuildPhase;
			buildActionMask = 2147483647;
			files = (
				875D1FE62A7A7CD100B9210B /* EssentialFeed.framework in Frameworks */,
			);
			runOnlyForDeploymentPostprocessing = 0;
		};
		878233C82AD453A5004B1FC6 /* Frameworks */ = {
			isa = PBXFrameworksBuildPhase;
			buildActionMask = 2147483647;
			files = (
				878233CF2AD453A5004B1FC6 /* EssentialFeed.framework in Frameworks */,
			);
			runOnlyForDeploymentPostprocessing = 0;
		};
		87D52FE52AD6BFFD0073AF4F /* Frameworks */ = {
			isa = PBXFrameworksBuildPhase;
			buildActionMask = 2147483647;
			files = (
				87D530072AD6E7A20073AF4F /* EssentialFeed.framework in Frameworks */,
			);
			runOnlyForDeploymentPostprocessing = 0;
		};
		87D52FEC2AD6BFFD0073AF4F /* Frameworks */ = {
			isa = PBXFrameworksBuildPhase;
			buildActionMask = 2147483647;
			files = (
				87D52FF02AD6BFFE0073AF4F /* EssentialFeediOS.framework in Frameworks */,
			);
			runOnlyForDeploymentPostprocessing = 0;
		};
		87D5E7932A78492D00D6142E /* Frameworks */ = {
			isa = PBXFrameworksBuildPhase;
			buildActionMask = 2147483647;
			files = (
			);
			runOnlyForDeploymentPostprocessing = 0;
		};
		87D5E79D2A78492E00D6142E /* Frameworks */ = {
			isa = PBXFrameworksBuildPhase;
			buildActionMask = 2147483647;
			files = (
				87D5E7A12A78492E00D6142E /* EssentialFeed.framework in Frameworks */,
			);
			runOnlyForDeploymentPostprocessing = 0;
		};
/* End PBXFrameworksBuildPhase section */

/* Begin PBXGroup section */
		87226D282ADD856E00D13189 /* Feed UI */ = {
			isa = PBXGroup;
			children = (
				87D94BA32ADAD480003ED23C /* Views */,
				87D94BA22ADAD46B003ED23C /* View Controllers */,
			);
			path = "Feed UI";
			sourceTree = "<group>";
		};
		87226D4B2ADED25700D13189 /* Feed API */ = {
			isa = PBXGroup;
			children = (
				87226E022ADFFC5300D13189 /* Helpers */,
				87D5E7A52A78492E00D6142E /* RemoteFeedLoaderTests.swift */,
				87226E0A2AE0100000D13189 /* RemoteFeedImageLoaderTests.swift */,
				87D5E7BC2A798E9900D6142E /* URLSessionHTTPClientTests.swift */,
			);
			path = "Feed API";
			sourceTree = "<group>";
		};
		87226D4C2ADED27100D13189 /* Feed presentation */ = {
			isa = PBXGroup;
			children = (
				87226D4D2ADED29F00D13189 /* FeedPresenterTests.swift */,
				87226D6D2ADEF21900D13189 /* FeedImagePresenterTests.swift */,
			);
			path = "Feed presentation";
			sourceTree = "<group>";
		};
		87226D512ADED6CC00D13189 /* Helpers */ = {
			isa = PBXGroup;
			children = (
				87D5300C2AD709CE0073AF4F /* UIView+Shimmering.swift */,
				87D94BFC2ADD5552003ED23C /* UITableView+Utils.swift */,
				87D94BFE2ADD5C0A003ED23C /* UIImageView+Animations.swift */,
			);
			path = Helpers;
			sourceTree = "<group>";
		};
		87226D5C2ADEDDCE00D13189 /* Feed presentation */ = {
			isa = PBXGroup;
			children = (
				87226D5D2ADEDDE600D13189 /* FeedPresenter.swift */,
				87226D712ADEF9DE00D13189 /* FeedImagePresenter.swift */,
				87226D6F2ADEF3F800D13189 /* FeedImageViewModel.swift */,
				87226D552ADEDAA900D13189 /* FeedLoadingViewModel.swift */,
				87226D582ADEDBE900D13189 /* FeedViewModel.swift */,
				87226D542ADEDAA900D13189 /* FeedErrorViewModel.swift */,
				87226D5A2ADEDD2400D13189 /* Feed.xcstrings */,
			);
			path = "Feed presentation";
			sourceTree = "<group>";
		};
		87226E022ADFFC5300D13189 /* Helpers */ = {
			isa = PBXGroup;
			children = (
				87226E032ADFFC6400D13189 /* HTTPClientSpy.swift */,
				87226E082AE0031100D13189 /* URLProtocolStub.swift */,
			);
			path = Helpers;
			sourceTree = "<group>";
		};
		87226E052ADFFEC400D13189 /* Helpers */ = {
			isa = PBXGroup;
			children = (
				87226E062ADFFED300D13189 /* HTTPURLResponse+Helpers.swift */,
			);
			path = Helpers;
			sourceTree = "<group>";
		};
		875D1FD92A7A624800B9210B /* Helpers */ = {
			isa = PBXGroup;
			children = (
				875D1FDA2A7A625E00B9210B /* XCTestCase+Utils.swift */,
				87226D6A2ADEDF8D00D13189 /* XCTestCase+Localizable.swift */,
			);
			path = Helpers;
			sourceTree = "<group>";
		};
		875D1FE32A7A7CD100B9210B /* EssentialFeedAPIEndToEndTests */ = {
			isa = PBXGroup;
			children = (
				875D1FE42A7A7CD100B9210B /* EssentialFeedAPIEndToEndTests.swift */,
			);
			path = EssentialFeedAPIEndToEndTests;
			sourceTree = "<group>";
		};
		878233A72AD40F12004B1FC6 /* Feed cache */ = {
			isa = PBXGroup;
			children = (
				878233BC2AD43533004B1FC6 /* CoreData */,
				878233A82AD40F34004B1FC6 /* LocalFeedLoader.swift */,
				878233AA2AD41DCA004B1FC6 /* LocalFeedImage.swift */,
				878233AE2AD41EAA004B1FC6 /* FeedCachePolicy.swift */,
				878233AC2AD41DE3004B1FC6 /* FeedStore.swift */,
				87A5FC282AE03A680087C621 /* FeedImageDataStore.swift */,
				87A5FC2A2AE03AFA0087C621 /* LocalFeedImageDataLoader.swift */,
			);
			path = "Feed cache";
			sourceTree = "<group>";
		};
		878233B02AD43082004B1FC6 /* Feed cache */ = {
			isa = PBXGroup;
			children = (
				87A5FC312AE043330087C621 /* Helpers */,
				878233B32AD430B3004B1FC6 /* Feed store specs */,
				87A5FC2C2AE03B9F0087C621 /* CoreData */,
				87A5FC2F2AE042FC0087C621 /* LocalFeedImageDataLoaderTests+Save.swift */,
				87A5FC2D2AE03BCD0087C621 /* LocalFeedImageDataLoaderTests+Load.swift */,
			);
			path = "Feed cache";
			sourceTree = "<group>";
		};
		878233B32AD430B3004B1FC6 /* Feed store specs */ = {
			isa = PBXGroup;
			children = (
				878233B12AD43097004B1FC6 /* FeedStoreSpecs.swift */,
				878233B42AD430D3004B1FC6 /* XCTestCase+FailableDeleteFeedStoreSpecs.swift */,
				878233B62AD430F8004B1FC6 /* XCTestCase+FailableInsertFeedStoreSpecs.swift */,
				878233B82AD4314E004B1FC6 /* XCTestCase+FailableRetrieveFeedStoreSpecs.swift */,
				878233BA2AD4318C004B1FC6 /* XCTestCase+FeedStoreSpecs.swift */,
			);
			path = "Feed store specs";
			sourceTree = "<group>";
		};
		878233BC2AD43533004B1FC6 /* CoreData */ = {
			isa = PBXGroup;
			children = (
				878233C02AD4365E004B1FC6 /* Helpers */,
				878233BD2AD43547004B1FC6 /* FeedStore.xcdatamodeld */,
				878233C32AD43707004B1FC6 /* CoreDataFeedStore.swift */,
				87226E0E2AE031C400D13189 /* CoreDataFeedStore+FeedStore.swift */,
				87A5FC342AE04A0D0087C621 /* CoreDataFeedStore+FeedImageDataStore.swift */,
			);
			path = CoreData;
			sourceTree = "<group>";
		};
		878233C02AD4365E004B1FC6 /* Helpers */ = {
			isa = PBXGroup;
			children = (
				878233C12AD436B3004B1FC6 /* CoreDataHelpers.swift */,
			);
			path = Helpers;
			sourceTree = "<group>";
		};
		878233CC2AD453A5004B1FC6 /* EssentialFeedCacheIntegrationTests */ = {
			isa = PBXGroup;
			children = (
				878233CD2AD453A5004B1FC6 /* EssentialFeedCacheIntegrationTests.swift */,
			);
			path = EssentialFeedCacheIntegrationTests;
			sourceTree = "<group>";
		};
		87A5FC2C2AE03B9F0087C621 /* CoreData */ = {
			isa = PBXGroup;
			children = (
				878233C52AD440C5004B1FC6 /* CoreDataFeedStoreTests.swift */,
				87A5FC362AE04DA80087C621 /* CoreDataFeedImageDataStoreTests.swift */,
			);
			path = CoreData;
			sourceTree = "<group>";
		};
		87A5FC312AE043330087C621 /* Helpers */ = {
			isa = PBXGroup;
			children = (
				87A5FC322AE043590087C621 /* FeedImageDataStoreSpy.swift */,
			);
			path = Helpers;
			sourceTree = "<group>";
		};
		87D52FE92AD6BFFD0073AF4F /* EssentialFeediOS */ = {
			isa = PBXGroup;
			children = (
				87226D282ADD856E00D13189 /* Feed UI */,
			);
			path = EssentialFeediOS;
			sourceTree = "<group>";
		};
		87D52FF32AD6BFFE0073AF4F /* EssentialFeediOSTests */ = {
			isa = PBXGroup;
			children = (
			);
			path = EssentialFeediOSTests;
			sourceTree = "<group>";
		};
		87D530062AD6E7A20073AF4F /* Frameworks */ = {
			isa = PBXGroup;
			children = (
			);
			name = Frameworks;
			sourceTree = "<group>";
		};
		87D5E78C2A78492D00D6142E = {
			isa = PBXGroup;
			children = (
				87D530022AD6D7ED0073AF4F /* EssentialFeediOS.xctestplan */,
				87D52FFD2AD6C13C0073AF4F /* CI_iOS.xctestplan */,
				87825ED02A7A905F00A98F36 /* CI.xctestplan */,
				87D5E7982A78492D00D6142E /* EssentialFeed */,
				87D5E7A42A78492E00D6142E /* EssentialFeedTests */,
				875D1FE32A7A7CD100B9210B /* EssentialFeedAPIEndToEndTests */,
				878233CC2AD453A5004B1FC6 /* EssentialFeedCacheIntegrationTests */,
				87D52FE92AD6BFFD0073AF4F /* EssentialFeediOS */,
				87D52FF32AD6BFFE0073AF4F /* EssentialFeediOSTests */,
				87D5E7972A78492D00D6142E /* Products */,
				87D530062AD6E7A20073AF4F /* Frameworks */,
			);
			sourceTree = "<group>";
		};
		87D5E7972A78492D00D6142E /* Products */ = {
			isa = PBXGroup;
			children = (
				87D5E7962A78492D00D6142E /* EssentialFeed.framework */,
				87D5E7A02A78492E00D6142E /* EssentialFeedTests.xctest */,
				875D1FE22A7A7CD100B9210B /* EssentialFeedAPIEndToEndTests.xctest */,
				878233CB2AD453A5004B1FC6 /* EssentialFeedCacheIntegrationTests.xctest */,
				87D52FE82AD6BFFD0073AF4F /* EssentialFeediOS.framework */,
				87D52FEF2AD6BFFD0073AF4F /* EssentialFeediOSTests.xctest */,
			);
			name = Products;
			sourceTree = "<group>";
		};
		87D5E7982A78492D00D6142E /* EssentialFeed */ = {
			isa = PBXGroup;
			children = (
				878233A72AD40F12004B1FC6 /* Feed cache */,
				87D5E7B02A792A2600D6142E /* Feed API */,
				87D5E7B22A792A2800D6142E /* Feed feature */,
				87226D5C2ADEDDCE00D13189 /* Feed presentation */,
			);
			path = EssentialFeed;
			sourceTree = "<group>";
		};
		87D5E7A42A78492E00D6142E /* EssentialFeedTests */ = {
			isa = PBXGroup;
			children = (
				875D1FD92A7A624800B9210B /* Helpers */,
				878233B02AD43082004B1FC6 /* Feed cache */,
				87226D4B2ADED25700D13189 /* Feed API */,
				87226D4C2ADED27100D13189 /* Feed presentation */,
			);
			path = EssentialFeedTests;
			sourceTree = "<group>";
		};
		87D5E7B02A792A2600D6142E /* Feed API */ = {
			isa = PBXGroup;
			children = (
				87226E052ADFFEC400D13189 /* Helpers */,
				87D5E7B82A7966C000D6142E /* HTTPClient.swift */,
				875D1FDC2A7A76C000B9210B /* URLSessionHTTPClient.swift */,
				87D5E7B12A792A2600D6142E /* RemoteFeedLoader.swift */,
				87D5E7BA2A79676600D6142E /* FeedItemMapper.swift */,
				87226E0C2AE0254D00D13189 /* RemoteFeedImageDataLoader.swift */,
			);
			path = "Feed API";
			sourceTree = "<group>";
		};
		87D5E7B22A792A2800D6142E /* Feed feature */ = {
			isa = PBXGroup;
			children = (
				87D94BE12ADADB3F003ED23C /* FeedImageDataLoader.swift */,
				873E05C52AE2A2D000F60EBE /* FeedImageDataCache.swift */,
				87D5E7B32A792A2800D6142E /* FeedLoader.swift */,
				87A5FC512AE19CB20087C621 /* FeedCache.swift */,
				87D5E7B42A792A2800D6142E /* FeedItem.swift */,
			);
			path = "Feed feature";
			sourceTree = "<group>";
		};
		87D94BA22ADAD46B003ED23C /* View Controllers */ = {
			isa = PBXGroup;
			children = (
				87D530042AD6E71C0073AF4F /* FeedViewController.swift */,
				87D94BE52ADAF77D003ED23C /* FeedCellController.swift */,
			);
			path = "View Controllers";
			sourceTree = "<group>";
		};
		87D94BA32ADAD480003ED23C /* Views */ = {
			isa = PBXGroup;
			children = (
				87226D512ADED6CC00D13189 /* Helpers */,
				87D5300E2AD845510073AF4F /* FeedItemCell.swift */,
				87226D522ADED6DA00D13189 /* ErrorView.swift */,
				87D94BFA2ADD4AE2003ED23C /* Feed.storyboard */,
			);
			path = Views;
			sourceTree = "<group>";
		};
/* End PBXGroup section */

/* Begin PBXHeadersBuildPhase section */
		87D52FE32AD6BFFD0073AF4F /* Headers */ = {
			isa = PBXHeadersBuildPhase;
			buildActionMask = 2147483647;
			files = (
			);
			runOnlyForDeploymentPostprocessing = 0;
		};
		87D5E7912A78492D00D6142E /* Headers */ = {
			isa = PBXHeadersBuildPhase;
			buildActionMask = 2147483647;
			files = (
			);
			runOnlyForDeploymentPostprocessing = 0;
		};
/* End PBXHeadersBuildPhase section */

/* Begin PBXNativeTarget section */
		875D1FE12A7A7CD100B9210B /* EssentialFeedAPIEndToEndTests */ = {
			isa = PBXNativeTarget;
			buildConfigurationList = 875D1FE92A7A7CD100B9210B /* Build configuration list for PBXNativeTarget "EssentialFeedAPIEndToEndTests" */;
			buildPhases = (
				875D1FDE2A7A7CD100B9210B /* Sources */,
				875D1FDF2A7A7CD100B9210B /* Frameworks */,
				875D1FE02A7A7CD100B9210B /* Resources */,
			);
			buildRules = (
			);
			dependencies = (
				875D1FE82A7A7CD100B9210B /* PBXTargetDependency */,
			);
			name = EssentialFeedAPIEndToEndTests;
			productName = EssentialFeedAPIEndToEndTests;
			productReference = 875D1FE22A7A7CD100B9210B /* EssentialFeedAPIEndToEndTests.xctest */;
			productType = "com.apple.product-type.bundle.unit-test";
		};
		878233CA2AD453A5004B1FC6 /* EssentialFeedCacheIntegrationTests */ = {
			isa = PBXNativeTarget;
			buildConfigurationList = 878233D22AD453A5004B1FC6 /* Build configuration list for PBXNativeTarget "EssentialFeedCacheIntegrationTests" */;
			buildPhases = (
				878233C72AD453A5004B1FC6 /* Sources */,
				878233C82AD453A5004B1FC6 /* Frameworks */,
				878233C92AD453A5004B1FC6 /* Resources */,
			);
			buildRules = (
			);
			dependencies = (
				878233D12AD453A5004B1FC6 /* PBXTargetDependency */,
			);
			name = EssentialFeedCacheIntegrationTests;
			productName = EssentialFeedCacheIntegrationTests;
			productReference = 878233CB2AD453A5004B1FC6 /* EssentialFeedCacheIntegrationTests.xctest */;
			productType = "com.apple.product-type.bundle.unit-test";
		};
		87D52FE72AD6BFFD0073AF4F /* EssentialFeediOS */ = {
			isa = PBXNativeTarget;
			buildConfigurationList = 87D52FF72AD6BFFE0073AF4F /* Build configuration list for PBXNativeTarget "EssentialFeediOS" */;
			buildPhases = (
				87D52FE32AD6BFFD0073AF4F /* Headers */,
				87D52FE42AD6BFFD0073AF4F /* Sources */,
				87D52FE52AD6BFFD0073AF4F /* Frameworks */,
				87D52FE62AD6BFFD0073AF4F /* Resources */,
				87D5300B2AD6E7A20073AF4F /* Embed Frameworks */,
			);
			buildRules = (
			);
			dependencies = (
				87D5300A2AD6E7A20073AF4F /* PBXTargetDependency */,
			);
			name = EssentialFeediOS;
			productName = EssentialFeediOS;
			productReference = 87D52FE82AD6BFFD0073AF4F /* EssentialFeediOS.framework */;
			productType = "com.apple.product-type.framework";
		};
		87D52FEE2AD6BFFD0073AF4F /* EssentialFeediOSTests */ = {
			isa = PBXNativeTarget;
			buildConfigurationList = 87D52FFA2AD6BFFE0073AF4F /* Build configuration list for PBXNativeTarget "EssentialFeediOSTests" */;
			buildPhases = (
				87D52FEB2AD6BFFD0073AF4F /* Sources */,
				87D52FEC2AD6BFFD0073AF4F /* Frameworks */,
				87D52FED2AD6BFFD0073AF4F /* Resources */,
			);
			buildRules = (
			);
			dependencies = (
				87D52FF22AD6BFFE0073AF4F /* PBXTargetDependency */,
			);
			name = EssentialFeediOSTests;
			productName = EssentialFeediOSTests;
			productReference = 87D52FEF2AD6BFFD0073AF4F /* EssentialFeediOSTests.xctest */;
			productType = "com.apple.product-type.bundle.unit-test";
		};
		87D5E7952A78492D00D6142E /* EssentialFeed */ = {
			isa = PBXNativeTarget;
			buildConfigurationList = 87D5E7AA2A78492E00D6142E /* Build configuration list for PBXNativeTarget "EssentialFeed" */;
			buildPhases = (
				87D5E7912A78492D00D6142E /* Headers */,
				87D5E7922A78492D00D6142E /* Sources */,
				87D5E7932A78492D00D6142E /* Frameworks */,
				87D5E7942A78492D00D6142E /* Resources */,
			);
			buildRules = (
			);
			dependencies = (
			);
			name = EssentialFeed;
			productName = EssentialFeed;
			productReference = 87D5E7962A78492D00D6142E /* EssentialFeed.framework */;
			productType = "com.apple.product-type.framework";
		};
		87D5E79F2A78492E00D6142E /* EssentialFeedTests */ = {
			isa = PBXNativeTarget;
			buildConfigurationList = 87D5E7AD2A78492E00D6142E /* Build configuration list for PBXNativeTarget "EssentialFeedTests" */;
			buildPhases = (
				87D5E79C2A78492E00D6142E /* Sources */,
				87D5E79D2A78492E00D6142E /* Frameworks */,
				87D5E79E2A78492E00D6142E /* Resources */,
			);
			buildRules = (
			);
			dependencies = (
				87D5E7A32A78492E00D6142E /* PBXTargetDependency */,
			);
			name = EssentialFeedTests;
			productName = EssentialFeedTests;
			productReference = 87D5E7A02A78492E00D6142E /* EssentialFeedTests.xctest */;
			productType = "com.apple.product-type.bundle.unit-test";
		};
/* End PBXNativeTarget section */

/* Begin PBXProject section */
		87D5E78D2A78492D00D6142E /* Project object */ = {
			isa = PBXProject;
			attributes = {
				BuildIndependentTargetsInParallel = 1;
				LastSwiftUpdateCheck = 1500;
				LastUpgradeCheck = 1500;
				TargetAttributes = {
					875D1FE12A7A7CD100B9210B = {
						CreatedOnToolsVersion = 14.3.1;
					};
					878233CA2AD453A5004B1FC6 = {
						CreatedOnToolsVersion = 15.0;
					};
					87D52FE72AD6BFFD0073AF4F = {
						CreatedOnToolsVersion = 15.0;
						LastSwiftMigration = 1500;
					};
					87D52FEE2AD6BFFD0073AF4F = {
						CreatedOnToolsVersion = 15.0;
						LastSwiftMigration = 1500;
					};
					87D5E7952A78492D00D6142E = {
						CreatedOnToolsVersion = 14.3.1;
					};
					87D5E79F2A78492E00D6142E = {
						CreatedOnToolsVersion = 14.3.1;
					};
				};
			};
			buildConfigurationList = 87D5E7902A78492D00D6142E /* Build configuration list for PBXProject "EssentialFeed" */;
			compatibilityVersion = "Xcode 14.0";
			developmentRegion = en;
			hasScannedForEncodings = 0;
			knownRegions = (
				en,
				Base,
				ro,
			);
			mainGroup = 87D5E78C2A78492D00D6142E;
			productRefGroup = 87D5E7972A78492D00D6142E /* Products */;
			projectDirPath = "";
			projectRoot = "";
			targets = (
				87D5E7952A78492D00D6142E /* EssentialFeed */,
				87D5E79F2A78492E00D6142E /* EssentialFeedTests */,
				875D1FE12A7A7CD100B9210B /* EssentialFeedAPIEndToEndTests */,
				878233CA2AD453A5004B1FC6 /* EssentialFeedCacheIntegrationTests */,
				87D52FE72AD6BFFD0073AF4F /* EssentialFeediOS */,
				87D52FEE2AD6BFFD0073AF4F /* EssentialFeediOSTests */,
			);
		};
/* End PBXProject section */

/* Begin PBXResourcesBuildPhase section */
		875D1FE02A7A7CD100B9210B /* Resources */ = {
			isa = PBXResourcesBuildPhase;
			buildActionMask = 2147483647;
			files = (
			);
			runOnlyForDeploymentPostprocessing = 0;
		};
		878233C92AD453A5004B1FC6 /* Resources */ = {
			isa = PBXResourcesBuildPhase;
			buildActionMask = 2147483647;
			files = (
			);
			runOnlyForDeploymentPostprocessing = 0;
		};
		87D52FE62AD6BFFD0073AF4F /* Resources */ = {
			isa = PBXResourcesBuildPhase;
			buildActionMask = 2147483647;
			files = (
				87D94BFB2ADD4AE2003ED23C /* Feed.storyboard in Resources */,
			);
			runOnlyForDeploymentPostprocessing = 0;
		};
		87D52FED2AD6BFFD0073AF4F /* Resources */ = {
			isa = PBXResourcesBuildPhase;
			buildActionMask = 2147483647;
			files = (
			);
			runOnlyForDeploymentPostprocessing = 0;
		};
		87D5E7942A78492D00D6142E /* Resources */ = {
			isa = PBXResourcesBuildPhase;
			buildActionMask = 2147483647;
			files = (
				87226D682ADEDE0600D13189 /* Feed.xcstrings in Resources */,
			);
			runOnlyForDeploymentPostprocessing = 0;
		};
		87D5E79E2A78492E00D6142E /* Resources */ = {
			isa = PBXResourcesBuildPhase;
			buildActionMask = 2147483647;
			files = (
			);
			runOnlyForDeploymentPostprocessing = 0;
		};
/* End PBXResourcesBuildPhase section */

/* Begin PBXSourcesBuildPhase section */
		875D1FDE2A7A7CD100B9210B /* Sources */ = {
			isa = PBXSourcesBuildPhase;
			buildActionMask = 2147483647;
			files = (
				87825ED12A7A90C700A98F36 /* XCTestCase+Utils.swift in Sources */,
				875D1FE52A7A7CD100B9210B /* EssentialFeedAPIEndToEndTests.swift in Sources */,
			);
			runOnlyForDeploymentPostprocessing = 0;
		};
		878233C72AD453A5004B1FC6 /* Sources */ = {
			isa = PBXSourcesBuildPhase;
			buildActionMask = 2147483647;
			files = (
				87D52FD82AD455A00073AF4F /* XCTestCase+Utils.swift in Sources */,
				878233CE2AD453A5004B1FC6 /* EssentialFeedCacheIntegrationTests.swift in Sources */,
			);
			runOnlyForDeploymentPostprocessing = 0;
		};
		87D52FE42AD6BFFD0073AF4F /* Sources */ = {
			isa = PBXSourcesBuildPhase;
			buildActionMask = 2147483647;
			files = (
				87D94BFD2ADD5552003ED23C /* UITableView+Utils.swift in Sources */,
				87D5300F2AD845510073AF4F /* FeedItemCell.swift in Sources */,
				87D530052AD6E71C0073AF4F /* FeedViewController.swift in Sources */,
				87D94BFF2ADD5C0A003ED23C /* UIImageView+Animations.swift in Sources */,
				87D5300D2AD709CE0073AF4F /* UIView+Shimmering.swift in Sources */,
				87226D532ADED6DA00D13189 /* ErrorView.swift in Sources */,
				87D94BE62ADAF77D003ED23C /* FeedCellController.swift in Sources */,
			);
			runOnlyForDeploymentPostprocessing = 0;
		};
		87D52FEB2AD6BFFD0073AF4F /* Sources */ = {
			isa = PBXSourcesBuildPhase;
			buildActionMask = 2147483647;
			files = (
				87D530032AD6D9730073AF4F /* XCTestCase+Utils.swift in Sources */,
				87226D6C2ADEDF8D00D13189 /* XCTestCase+Localizable.swift in Sources */,
			);
			runOnlyForDeploymentPostprocessing = 0;
		};
		87D5E7922A78492D00D6142E /* Sources */ = {
			isa = PBXSourcesBuildPhase;
			buildActionMask = 2147483647;
			files = (
				87226E012ADFF49500D13189 /* FeedImageDataLoader.swift in Sources */,
				87A5FC292AE03A680087C621 /* FeedImageDataStore.swift in Sources */,
				875D1FDD2A7A76C000B9210B /* URLSessionHTTPClient.swift in Sources */,
				87226D672ADEDE0600D13189 /* FeedViewModel.swift in Sources */,
				873E05C62AE2A2D000F60EBE /* FeedImageDataCache.swift in Sources */,
				87D5E7B72A792A3200D6142E /* FeedItem.swift in Sources */,
				878233AB2AD41DCA004B1FC6 /* LocalFeedImage.swift in Sources */,
				87226D662ADEDE0600D13189 /* FeedLoadingViewModel.swift in Sources */,
				878233AF2AD41EAA004B1FC6 /* FeedCachePolicy.swift in Sources */,
				87D5E7B92A7966C000D6142E /* HTTPClient.swift in Sources */,
				87A5FC2B2AE03AFA0087C621 /* LocalFeedImageDataLoader.swift in Sources */,
				87A5FC352AE04A0D0087C621 /* CoreDataFeedStore+FeedImageDataStore.swift in Sources */,
				878233C22AD436B3004B1FC6 /* CoreDataHelpers.swift in Sources */,
				87226E0F2AE031C400D13189 /* CoreDataFeedStore+FeedStore.swift in Sources */,
				87A5FC522AE19CB20087C621 /* FeedCache.swift in Sources */,
				878233C42AD43707004B1FC6 /* CoreDataFeedStore.swift in Sources */,
				87226D692ADEDE0600D13189 /* FeedErrorViewModel.swift in Sources */,
				87D5E7B62A792A3200D6142E /* FeedLoader.swift in Sources */,
				87226E0D2AE0254D00D13189 /* RemoteFeedImageDataLoader.swift in Sources */,
				878233AD2AD41DE3004B1FC6 /* FeedStore.swift in Sources */,
				878233BF2AD43547004B1FC6 /* FeedStore.xcdatamodeld in Sources */,
				87226D5E2ADEDDE600D13189 /* FeedPresenter.swift in Sources */,
				87226E072ADFFED300D13189 /* HTTPURLResponse+Helpers.swift in Sources */,
				87226D732ADEF9FB00D13189 /* FeedImageViewModel.swift in Sources */,
				87D5E7BB2A79676600D6142E /* FeedItemMapper.swift in Sources */,
				87D5E7B52A792A2E00D6142E /* RemoteFeedLoader.swift in Sources */,
				878233A92AD40F34004B1FC6 /* LocalFeedLoader.swift in Sources */,
				87226D722ADEF9DE00D13189 /* FeedImagePresenter.swift in Sources */,
			);
			runOnlyForDeploymentPostprocessing = 0;
		};
		87D5E79C2A78492E00D6142E /* Sources */ = {
			isa = PBXSourcesBuildPhase;
			buildActionMask = 2147483647;
			files = (
				87226E042ADFFC6400D13189 /* HTTPClientSpy.swift in Sources */,
				87226E092AE0031100D13189 /* URLProtocolStub.swift in Sources */,
				87226D4E2ADED29F00D13189 /* FeedPresenterTests.swift in Sources */,
				87D5E7A62A78492E00D6142E /* RemoteFeedLoaderTests.swift in Sources */,
				87A5FC332AE043590087C621 /* FeedImageDataStoreSpy.swift in Sources */,
				87A5FC2E2AE03BCD0087C621 /* LocalFeedImageDataLoaderTests+Load.swift in Sources */,
				87D5E7BD2A798E9900D6142E /* URLSessionHTTPClientTests.swift in Sources */,
				878233B72AD430F8004B1FC6 /* XCTestCase+FailableInsertFeedStoreSpecs.swift in Sources */,
				87A5FC302AE042FC0087C621 /* LocalFeedImageDataLoaderTests+Save.swift in Sources */,
				87226D6B2ADEDF8D00D13189 /* XCTestCase+Localizable.swift in Sources */,
				878233BB2AD4318C004B1FC6 /* XCTestCase+FeedStoreSpecs.swift in Sources */,
				878233B92AD4314E004B1FC6 /* XCTestCase+FailableRetrieveFeedStoreSpecs.swift in Sources */,
				878233C62AD440C5004B1FC6 /* CoreDataFeedStoreTests.swift in Sources */,
				87A5FC372AE04DA80087C621 /* CoreDataFeedImageDataStoreTests.swift in Sources */,
				87226E0B2AE0100000D13189 /* RemoteFeedImageLoaderTests.swift in Sources */,
				878233B22AD43097004B1FC6 /* FeedStoreSpecs.swift in Sources */,
				875D1FDB2A7A625E00B9210B /* XCTestCase+Utils.swift in Sources */,
				87226D6E2ADEF21900D13189 /* FeedImagePresenterTests.swift in Sources */,
				878233B52AD430D3004B1FC6 /* XCTestCase+FailableDeleteFeedStoreSpecs.swift in Sources */,
			);
			runOnlyForDeploymentPostprocessing = 0;
		};
/* End PBXSourcesBuildPhase section */

/* Begin PBXTargetDependency section */
		875D1FE82A7A7CD100B9210B /* PBXTargetDependency */ = {
			isa = PBXTargetDependency;
			target = 87D5E7952A78492D00D6142E /* EssentialFeed */;
			targetProxy = 875D1FE72A7A7CD100B9210B /* PBXContainerItemProxy */;
		};
		878233D12AD453A5004B1FC6 /* PBXTargetDependency */ = {
			isa = PBXTargetDependency;
			target = 87D5E7952A78492D00D6142E /* EssentialFeed */;
			targetProxy = 878233D02AD453A5004B1FC6 /* PBXContainerItemProxy */;
		};
		87D52FF22AD6BFFE0073AF4F /* PBXTargetDependency */ = {
			isa = PBXTargetDependency;
			target = 87D52FE72AD6BFFD0073AF4F /* EssentialFeediOS */;
			targetProxy = 87D52FF12AD6BFFE0073AF4F /* PBXContainerItemProxy */;
		};
		87D5300A2AD6E7A20073AF4F /* PBXTargetDependency */ = {
			isa = PBXTargetDependency;
			platformFilter = ios;
			target = 87D5E7952A78492D00D6142E /* EssentialFeed */;
			targetProxy = 87D530092AD6E7A20073AF4F /* PBXContainerItemProxy */;
		};
		87D5E7A32A78492E00D6142E /* PBXTargetDependency */ = {
			isa = PBXTargetDependency;
			target = 87D5E7952A78492D00D6142E /* EssentialFeed */;
			targetProxy = 87D5E7A22A78492E00D6142E /* PBXContainerItemProxy */;
		};
/* End PBXTargetDependency section */

/* Begin XCBuildConfiguration section */
		875D1FEA2A7A7CD100B9210B /* Debug */ = {
			isa = XCBuildConfiguration;
			buildSettings = {
				CODE_SIGN_STYLE = Automatic;
				CURRENT_PROJECT_VERSION = 1;
				DEAD_CODE_STRIPPING = YES;
				GENERATE_INFOPLIST_FILE = YES;
				MARKETING_VERSION = 1.0;
				PRODUCT_BUNDLE_IDENTIFIER = com.alexmotoc.EssentialFeedAPIEndToEndTests;
				PRODUCT_NAME = "$(TARGET_NAME)";
				SUPPORTED_PLATFORMS = "macosx iphoneos iphonesimulator";
				SWIFT_EMIT_LOC_STRINGS = NO;
				SWIFT_VERSION = 5.0;
			};
			name = Debug;
		};
		875D1FEB2A7A7CD100B9210B /* Release */ = {
			isa = XCBuildConfiguration;
			buildSettings = {
				CODE_SIGN_STYLE = Automatic;
				CURRENT_PROJECT_VERSION = 1;
				DEAD_CODE_STRIPPING = YES;
				GENERATE_INFOPLIST_FILE = YES;
				MARKETING_VERSION = 1.0;
				PRODUCT_BUNDLE_IDENTIFIER = com.alexmotoc.EssentialFeedAPIEndToEndTests;
				PRODUCT_NAME = "$(TARGET_NAME)";
				SUPPORTED_PLATFORMS = "macosx iphoneos iphonesimulator";
				SWIFT_EMIT_LOC_STRINGS = NO;
				SWIFT_VERSION = 5.0;
			};
			name = Release;
		};
		878233D32AD453A5004B1FC6 /* Debug */ = {
			isa = XCBuildConfiguration;
			buildSettings = {
				ASSETCATALOG_COMPILER_GENERATE_SWIFT_ASSET_SYMBOL_EXTENSIONS = YES;
				CODE_SIGN_STYLE = Automatic;
				CURRENT_PROJECT_VERSION = 1;
				DEVELOPMENT_TEAM = F48VQGX2CM;
				GCC_C_LANGUAGE_STANDARD = gnu17;
				GENERATE_INFOPLIST_FILE = YES;
				LOCALIZATION_PREFERS_STRING_CATALOGS = YES;
				MACOSX_DEPLOYMENT_TARGET = 13.3;
				MARKETING_VERSION = 1.0;
				PRODUCT_BUNDLE_IDENTIFIER = com.alexmotoc.EssentialFeedCacheIntegrationTests;
				PRODUCT_NAME = "$(TARGET_NAME)";
				SUPPORTED_PLATFORMS = "macosx iphoneos iphonesimulator";
				SWIFT_ACTIVE_COMPILATION_CONDITIONS = "DEBUG $(inherited)";
				SWIFT_EMIT_LOC_STRINGS = NO;
				SWIFT_VERSION = 5.0;
			};
			name = Debug;
		};
		878233D42AD453A5004B1FC6 /* Release */ = {
			isa = XCBuildConfiguration;
			buildSettings = {
				ASSETCATALOG_COMPILER_GENERATE_SWIFT_ASSET_SYMBOL_EXTENSIONS = YES;
				CODE_SIGN_STYLE = Automatic;
				CURRENT_PROJECT_VERSION = 1;
				DEVELOPMENT_TEAM = F48VQGX2CM;
				GCC_C_LANGUAGE_STANDARD = gnu17;
				GENERATE_INFOPLIST_FILE = YES;
				LOCALIZATION_PREFERS_STRING_CATALOGS = YES;
				MACOSX_DEPLOYMENT_TARGET = 13.3;
				MARKETING_VERSION = 1.0;
				PRODUCT_BUNDLE_IDENTIFIER = com.alexmotoc.EssentialFeedCacheIntegrationTests;
				PRODUCT_NAME = "$(TARGET_NAME)";
				SUPPORTED_PLATFORMS = "macosx iphoneos iphonesimulator";
				SWIFT_EMIT_LOC_STRINGS = NO;
				SWIFT_VERSION = 5.0;
			};
			name = Release;
		};
		87D52FF82AD6BFFE0073AF4F /* Debug */ = {
			isa = XCBuildConfiguration;
			buildSettings = {
				ASSETCATALOG_COMPILER_GENERATE_SWIFT_ASSET_SYMBOL_EXTENSIONS = YES;
				CLANG_ENABLE_MODULES = YES;
				CODE_SIGN_STYLE = Automatic;
				CURRENT_PROJECT_VERSION = 1;
				DEFINES_MODULE = YES;
				DEVELOPMENT_TEAM = F48VQGX2CM;
				DYLIB_COMPATIBILITY_VERSION = 1;
				DYLIB_CURRENT_VERSION = 1;
				DYLIB_INSTALL_NAME_BASE = "@rpath";
				ENABLE_MODULE_VERIFIER = YES;
				GCC_C_LANGUAGE_STANDARD = gnu17;
				GENERATE_INFOPLIST_FILE = YES;
				INFOPLIST_KEY_NSHumanReadableCopyright = "";
				INSTALL_PATH = "$(LOCAL_LIBRARY_DIR)/Frameworks";
				IPHONEOS_DEPLOYMENT_TARGET = 17.0;
				LD_RUNPATH_SEARCH_PATHS = (
					"$(inherited)",
					"@executable_path/Frameworks",
					"@loader_path/Frameworks",
				);
				LOCALIZATION_PREFERS_STRING_CATALOGS = YES;
				MARKETING_VERSION = 1.0;
				MODULE_VERIFIER_SUPPORTED_LANGUAGES = "objective-c objective-c++";
				MODULE_VERIFIER_SUPPORTED_LANGUAGE_STANDARDS = "gnu17 gnu++20";
				PRODUCT_BUNDLE_IDENTIFIER = com.alexmotoc.EssentialFeediOS;
				PRODUCT_NAME = "$(TARGET_NAME:c99extidentifier)";
				SDKROOT = iphoneos;
				SKIP_INSTALL = YES;
				SWIFT_ACTIVE_COMPILATION_CONDITIONS = "DEBUG $(inherited)";
				SWIFT_EMIT_LOC_STRINGS = YES;
				SWIFT_OPTIMIZATION_LEVEL = "-Onone";
				SWIFT_VERSION = 5.0;
				TARGETED_DEVICE_FAMILY = "1,2";
			};
			name = Debug;
		};
		87D52FF92AD6BFFE0073AF4F /* Release */ = {
			isa = XCBuildConfiguration;
			buildSettings = {
				ASSETCATALOG_COMPILER_GENERATE_SWIFT_ASSET_SYMBOL_EXTENSIONS = YES;
				CLANG_ENABLE_MODULES = YES;
				CODE_SIGN_STYLE = Automatic;
				CURRENT_PROJECT_VERSION = 1;
				DEFINES_MODULE = YES;
				DEVELOPMENT_TEAM = F48VQGX2CM;
				DYLIB_COMPATIBILITY_VERSION = 1;
				DYLIB_CURRENT_VERSION = 1;
				DYLIB_INSTALL_NAME_BASE = "@rpath";
				ENABLE_MODULE_VERIFIER = YES;
				GCC_C_LANGUAGE_STANDARD = gnu17;
				GENERATE_INFOPLIST_FILE = YES;
				INFOPLIST_KEY_NSHumanReadableCopyright = "";
				INSTALL_PATH = "$(LOCAL_LIBRARY_DIR)/Frameworks";
				IPHONEOS_DEPLOYMENT_TARGET = 17.0;
				LD_RUNPATH_SEARCH_PATHS = (
					"$(inherited)",
					"@executable_path/Frameworks",
					"@loader_path/Frameworks",
				);
				LOCALIZATION_PREFERS_STRING_CATALOGS = YES;
				MARKETING_VERSION = 1.0;
				MODULE_VERIFIER_SUPPORTED_LANGUAGES = "objective-c objective-c++";
				MODULE_VERIFIER_SUPPORTED_LANGUAGE_STANDARDS = "gnu17 gnu++20";
				PRODUCT_BUNDLE_IDENTIFIER = com.alexmotoc.EssentialFeediOS;
				PRODUCT_NAME = "$(TARGET_NAME:c99extidentifier)";
				SDKROOT = iphoneos;
				SKIP_INSTALL = YES;
				SWIFT_EMIT_LOC_STRINGS = YES;
				SWIFT_VERSION = 5.0;
				TARGETED_DEVICE_FAMILY = "1,2";
				VALIDATE_PRODUCT = YES;
			};
			name = Release;
		};
		87D52FFB2AD6BFFE0073AF4F /* Debug */ = {
			isa = XCBuildConfiguration;
			buildSettings = {
				ALWAYS_EMBED_SWIFT_STANDARD_LIBRARIES = YES;
				ASSETCATALOG_COMPILER_GENERATE_SWIFT_ASSET_SYMBOL_EXTENSIONS = YES;
				CLANG_ENABLE_MODULES = YES;
				CODE_SIGN_STYLE = Automatic;
				CURRENT_PROJECT_VERSION = 1;
				DEVELOPMENT_TEAM = F48VQGX2CM;
				GCC_C_LANGUAGE_STANDARD = gnu17;
				GENERATE_INFOPLIST_FILE = YES;
				IPHONEOS_DEPLOYMENT_TARGET = 17.0;
				LOCALIZATION_PREFERS_STRING_CATALOGS = YES;
				MARKETING_VERSION = 1.0;
				PRODUCT_BUNDLE_IDENTIFIER = com.alexmotoc.EssentialFeediOSTests;
				PRODUCT_NAME = "$(TARGET_NAME)";
				SDKROOT = iphoneos;
				SWIFT_ACTIVE_COMPILATION_CONDITIONS = "DEBUG $(inherited)";
				SWIFT_EMIT_LOC_STRINGS = NO;
				SWIFT_OPTIMIZATION_LEVEL = "-Onone";
				SWIFT_VERSION = 5.0;
				TARGETED_DEVICE_FAMILY = "1,2";
			};
			name = Debug;
		};
		87D52FFC2AD6BFFE0073AF4F /* Release */ = {
			isa = XCBuildConfiguration;
			buildSettings = {
				ALWAYS_EMBED_SWIFT_STANDARD_LIBRARIES = YES;
				ASSETCATALOG_COMPILER_GENERATE_SWIFT_ASSET_SYMBOL_EXTENSIONS = YES;
				CLANG_ENABLE_MODULES = YES;
				CODE_SIGN_STYLE = Automatic;
				CURRENT_PROJECT_VERSION = 1;
				DEVELOPMENT_TEAM = F48VQGX2CM;
				GCC_C_LANGUAGE_STANDARD = gnu17;
				GENERATE_INFOPLIST_FILE = YES;
				IPHONEOS_DEPLOYMENT_TARGET = 17.0;
				LOCALIZATION_PREFERS_STRING_CATALOGS = YES;
				MARKETING_VERSION = 1.0;
				PRODUCT_BUNDLE_IDENTIFIER = com.alexmotoc.EssentialFeediOSTests;
				PRODUCT_NAME = "$(TARGET_NAME)";
				SDKROOT = iphoneos;
				SWIFT_EMIT_LOC_STRINGS = NO;
				SWIFT_VERSION = 5.0;
				TARGETED_DEVICE_FAMILY = "1,2";
				VALIDATE_PRODUCT = YES;
			};
			name = Release;
		};
		87D5E7A82A78492E00D6142E /* Debug */ = {
			isa = XCBuildConfiguration;
			buildSettings = {
				ALWAYS_SEARCH_USER_PATHS = NO;
				CLANG_ANALYZER_NONNULL = YES;
				CLANG_ANALYZER_NUMBER_OBJECT_CONVERSION = YES_AGGRESSIVE;
				CLANG_CXX_LANGUAGE_STANDARD = "gnu++20";
				CLANG_ENABLE_MODULES = YES;
				CLANG_ENABLE_OBJC_ARC = YES;
				CLANG_ENABLE_OBJC_WEAK = YES;
				CLANG_WARN_BLOCK_CAPTURE_AUTORELEASING = YES;
				CLANG_WARN_BOOL_CONVERSION = YES;
				CLANG_WARN_COMMA = YES;
				CLANG_WARN_CONSTANT_CONVERSION = YES;
				CLANG_WARN_DEPRECATED_OBJC_IMPLEMENTATIONS = YES;
				CLANG_WARN_DIRECT_OBJC_ISA_USAGE = YES_ERROR;
				CLANG_WARN_DOCUMENTATION_COMMENTS = YES;
				CLANG_WARN_EMPTY_BODY = YES;
				CLANG_WARN_ENUM_CONVERSION = YES;
				CLANG_WARN_INFINITE_RECURSION = YES;
				CLANG_WARN_INT_CONVERSION = YES;
				CLANG_WARN_NON_LITERAL_NULL_CONVERSION = YES;
				CLANG_WARN_OBJC_IMPLICIT_RETAIN_SELF = YES;
				CLANG_WARN_OBJC_LITERAL_CONVERSION = YES;
				CLANG_WARN_OBJC_ROOT_CLASS = YES_ERROR;
				CLANG_WARN_QUOTED_INCLUDE_IN_FRAMEWORK_HEADER = YES;
				CLANG_WARN_RANGE_LOOP_ANALYSIS = YES;
				CLANG_WARN_STRICT_PROTOTYPES = YES;
				CLANG_WARN_SUSPICIOUS_MOVE = YES;
				CLANG_WARN_UNGUARDED_AVAILABILITY = YES_AGGRESSIVE;
				CLANG_WARN_UNREACHABLE_CODE = YES;
				CLANG_WARN__DUPLICATE_METHOD_MATCH = YES;
				COPY_PHASE_STRIP = NO;
				CURRENT_PROJECT_VERSION = 1;
				DEAD_CODE_STRIPPING = YES;
				DEBUG_INFORMATION_FORMAT = dwarf;
				ENABLE_STRICT_OBJC_MSGSEND = YES;
				ENABLE_TESTABILITY = YES;
				ENABLE_USER_SCRIPT_SANDBOXING = YES;
				GCC_C_LANGUAGE_STANDARD = gnu11;
				GCC_DYNAMIC_NO_PIC = NO;
				GCC_NO_COMMON_BLOCKS = YES;
				GCC_OPTIMIZATION_LEVEL = 0;
				GCC_PREPROCESSOR_DEFINITIONS = (
					"DEBUG=1",
					"$(inherited)",
				);
				GCC_WARN_64_TO_32_BIT_CONVERSION = YES;
				GCC_WARN_ABOUT_RETURN_TYPE = YES_ERROR;
				GCC_WARN_UNDECLARED_SELECTOR = YES;
				GCC_WARN_UNINITIALIZED_AUTOS = YES_AGGRESSIVE;
				GCC_WARN_UNUSED_FUNCTION = YES;
				GCC_WARN_UNUSED_VARIABLE = YES;
				MACOSX_DEPLOYMENT_TARGET = 13.3;
				MTL_ENABLE_DEBUG_INFO = INCLUDE_SOURCE;
				MTL_FAST_MATH = YES;
				ONLY_ACTIVE_ARCH = YES;
				SDKROOT = macosx;
				SWIFT_ACTIVE_COMPILATION_CONDITIONS = DEBUG;
				SWIFT_OPTIMIZATION_LEVEL = "-Onone";
				VERSIONING_SYSTEM = "apple-generic";
				VERSION_INFO_PREFIX = "";
			};
			name = Debug;
		};
		87D5E7A92A78492E00D6142E /* Release */ = {
			isa = XCBuildConfiguration;
			buildSettings = {
				ALWAYS_SEARCH_USER_PATHS = NO;
				CLANG_ANALYZER_NONNULL = YES;
				CLANG_ANALYZER_NUMBER_OBJECT_CONVERSION = YES_AGGRESSIVE;
				CLANG_CXX_LANGUAGE_STANDARD = "gnu++20";
				CLANG_ENABLE_MODULES = YES;
				CLANG_ENABLE_OBJC_ARC = YES;
				CLANG_ENABLE_OBJC_WEAK = YES;
				CLANG_WARN_BLOCK_CAPTURE_AUTORELEASING = YES;
				CLANG_WARN_BOOL_CONVERSION = YES;
				CLANG_WARN_COMMA = YES;
				CLANG_WARN_CONSTANT_CONVERSION = YES;
				CLANG_WARN_DEPRECATED_OBJC_IMPLEMENTATIONS = YES;
				CLANG_WARN_DIRECT_OBJC_ISA_USAGE = YES_ERROR;
				CLANG_WARN_DOCUMENTATION_COMMENTS = YES;
				CLANG_WARN_EMPTY_BODY = YES;
				CLANG_WARN_ENUM_CONVERSION = YES;
				CLANG_WARN_INFINITE_RECURSION = YES;
				CLANG_WARN_INT_CONVERSION = YES;
				CLANG_WARN_NON_LITERAL_NULL_CONVERSION = YES;
				CLANG_WARN_OBJC_IMPLICIT_RETAIN_SELF = YES;
				CLANG_WARN_OBJC_LITERAL_CONVERSION = YES;
				CLANG_WARN_OBJC_ROOT_CLASS = YES_ERROR;
				CLANG_WARN_QUOTED_INCLUDE_IN_FRAMEWORK_HEADER = YES;
				CLANG_WARN_RANGE_LOOP_ANALYSIS = YES;
				CLANG_WARN_STRICT_PROTOTYPES = YES;
				CLANG_WARN_SUSPICIOUS_MOVE = YES;
				CLANG_WARN_UNGUARDED_AVAILABILITY = YES_AGGRESSIVE;
				CLANG_WARN_UNREACHABLE_CODE = YES;
				CLANG_WARN__DUPLICATE_METHOD_MATCH = YES;
				COPY_PHASE_STRIP = NO;
				CURRENT_PROJECT_VERSION = 1;
				DEAD_CODE_STRIPPING = YES;
				DEBUG_INFORMATION_FORMAT = "dwarf-with-dsym";
				ENABLE_NS_ASSERTIONS = NO;
				ENABLE_STRICT_OBJC_MSGSEND = YES;
				ENABLE_USER_SCRIPT_SANDBOXING = YES;
				GCC_C_LANGUAGE_STANDARD = gnu11;
				GCC_NO_COMMON_BLOCKS = YES;
				GCC_WARN_64_TO_32_BIT_CONVERSION = YES;
				GCC_WARN_ABOUT_RETURN_TYPE = YES_ERROR;
				GCC_WARN_UNDECLARED_SELECTOR = YES;
				GCC_WARN_UNINITIALIZED_AUTOS = YES_AGGRESSIVE;
				GCC_WARN_UNUSED_FUNCTION = YES;
				GCC_WARN_UNUSED_VARIABLE = YES;
				MACOSX_DEPLOYMENT_TARGET = 13.3;
				MTL_ENABLE_DEBUG_INFO = NO;
				MTL_FAST_MATH = YES;
				SDKROOT = macosx;
				SWIFT_COMPILATION_MODE = wholemodule;
				SWIFT_OPTIMIZATION_LEVEL = "-O";
				VERSIONING_SYSTEM = "apple-generic";
				VERSION_INFO_PREFIX = "";
			};
			name = Release;
		};
		87D5E7AB2A78492E00D6142E /* Debug */ = {
			isa = XCBuildConfiguration;
			buildSettings = {
				CODE_SIGN_STYLE = Automatic;
				COMBINE_HIDPI_IMAGES = YES;
				CURRENT_PROJECT_VERSION = 1;
				DEAD_CODE_STRIPPING = YES;
				DEFINES_MODULE = YES;
				DYLIB_COMPATIBILITY_VERSION = 1;
				DYLIB_CURRENT_VERSION = 1;
				DYLIB_INSTALL_NAME_BASE = "@rpath";
				ENABLE_MODULE_VERIFIER = YES;
				GENERATE_INFOPLIST_FILE = YES;
				INFOPLIST_KEY_NSHumanReadableCopyright = "";
				INSTALL_PATH = "$(LOCAL_LIBRARY_DIR)/Frameworks";
				LD_RUNPATH_SEARCH_PATHS = (
					"$(inherited)",
					"@executable_path/../Frameworks",
					"@loader_path/Frameworks",
				);
				MARKETING_VERSION = 1.0;
				MODULE_VERIFIER_SUPPORTED_LANGUAGES = "objective-c objective-c++";
				MODULE_VERIFIER_SUPPORTED_LANGUAGE_STANDARDS = "gnu11 gnu++20";
				PRODUCT_BUNDLE_IDENTIFIER = com.alexmotoc.EssentialFeed;
				PRODUCT_NAME = "$(TARGET_NAME:c99extidentifier)";
				SKIP_INSTALL = YES;
				SUPPORTED_PLATFORMS = "macosx iphoneos iphonesimulator";
				SWIFT_EMIT_LOC_STRINGS = YES;
				SWIFT_VERSION = 5.0;
			};
			name = Debug;
		};
		87D5E7AC2A78492E00D6142E /* Release */ = {
			isa = XCBuildConfiguration;
			buildSettings = {
				CODE_SIGN_STYLE = Automatic;
				COMBINE_HIDPI_IMAGES = YES;
				CURRENT_PROJECT_VERSION = 1;
				DEAD_CODE_STRIPPING = YES;
				DEFINES_MODULE = YES;
				DYLIB_COMPATIBILITY_VERSION = 1;
				DYLIB_CURRENT_VERSION = 1;
				DYLIB_INSTALL_NAME_BASE = "@rpath";
				ENABLE_MODULE_VERIFIER = YES;
				GENERATE_INFOPLIST_FILE = YES;
				INFOPLIST_KEY_NSHumanReadableCopyright = "";
				INSTALL_PATH = "$(LOCAL_LIBRARY_DIR)/Frameworks";
				LD_RUNPATH_SEARCH_PATHS = (
					"$(inherited)",
					"@executable_path/../Frameworks",
					"@loader_path/Frameworks",
				);
				MARKETING_VERSION = 1.0;
				MODULE_VERIFIER_SUPPORTED_LANGUAGES = "objective-c objective-c++";
				MODULE_VERIFIER_SUPPORTED_LANGUAGE_STANDARDS = "gnu11 gnu++20";
				PRODUCT_BUNDLE_IDENTIFIER = com.alexmotoc.EssentialFeed;
				PRODUCT_NAME = "$(TARGET_NAME:c99extidentifier)";
				SKIP_INSTALL = YES;
				SUPPORTED_PLATFORMS = "macosx iphoneos iphonesimulator";
				SWIFT_EMIT_LOC_STRINGS = YES;
				SWIFT_VERSION = 5.0;
			};
			name = Release;
		};
		87D5E7AE2A78492E00D6142E /* Debug */ = {
			isa = XCBuildConfiguration;
			buildSettings = {
				ALWAYS_EMBED_SWIFT_STANDARD_LIBRARIES = YES;
				CODE_SIGN_STYLE = Automatic;
				CURRENT_PROJECT_VERSION = 1;
				DEAD_CODE_STRIPPING = YES;
				GENERATE_INFOPLIST_FILE = YES;
				MARKETING_VERSION = 1.0;
				PRODUCT_BUNDLE_IDENTIFIER = com.alexmotoc.EssentialFeedTests;
				PRODUCT_NAME = "$(TARGET_NAME)";
				SUPPORTED_PLATFORMS = "macosx iphoneos iphonesimulator";
				SWIFT_EMIT_LOC_STRINGS = NO;
				SWIFT_VERSION = 5.0;
			};
			name = Debug;
		};
		87D5E7AF2A78492E00D6142E /* Release */ = {
			isa = XCBuildConfiguration;
			buildSettings = {
				ALWAYS_EMBED_SWIFT_STANDARD_LIBRARIES = YES;
				CODE_SIGN_STYLE = Automatic;
				CURRENT_PROJECT_VERSION = 1;
				DEAD_CODE_STRIPPING = YES;
				GENERATE_INFOPLIST_FILE = YES;
				MARKETING_VERSION = 1.0;
				PRODUCT_BUNDLE_IDENTIFIER = com.alexmotoc.EssentialFeedTests;
				PRODUCT_NAME = "$(TARGET_NAME)";
				SUPPORTED_PLATFORMS = "macosx iphoneos iphonesimulator";
				SWIFT_EMIT_LOC_STRINGS = NO;
				SWIFT_VERSION = 5.0;
			};
			name = Release;
		};
/* End XCBuildConfiguration section */

/* Begin XCConfigurationList section */
		875D1FE92A7A7CD100B9210B /* Build configuration list for PBXNativeTarget "EssentialFeedAPIEndToEndTests" */ = {
			isa = XCConfigurationList;
			buildConfigurations = (
				875D1FEA2A7A7CD100B9210B /* Debug */,
				875D1FEB2A7A7CD100B9210B /* Release */,
			);
			defaultConfigurationIsVisible = 0;
			defaultConfigurationName = Release;
		};
		878233D22AD453A5004B1FC6 /* Build configuration list for PBXNativeTarget "EssentialFeedCacheIntegrationTests" */ = {
			isa = XCConfigurationList;
			buildConfigurations = (
				878233D32AD453A5004B1FC6 /* Debug */,
				878233D42AD453A5004B1FC6 /* Release */,
			);
			defaultConfigurationIsVisible = 0;
			defaultConfigurationName = Release;
		};
		87D52FF72AD6BFFE0073AF4F /* Build configuration list for PBXNativeTarget "EssentialFeediOS" */ = {
			isa = XCConfigurationList;
			buildConfigurations = (
				87D52FF82AD6BFFE0073AF4F /* Debug */,
				87D52FF92AD6BFFE0073AF4F /* Release */,
			);
			defaultConfigurationIsVisible = 0;
			defaultConfigurationName = Release;
		};
		87D52FFA2AD6BFFE0073AF4F /* Build configuration list for PBXNativeTarget "EssentialFeediOSTests" */ = {
			isa = XCConfigurationList;
			buildConfigurations = (
				87D52FFB2AD6BFFE0073AF4F /* Debug */,
				87D52FFC2AD6BFFE0073AF4F /* Release */,
			);
			defaultConfigurationIsVisible = 0;
			defaultConfigurationName = Release;
		};
		87D5E7902A78492D00D6142E /* Build configuration list for PBXProject "EssentialFeed" */ = {
			isa = XCConfigurationList;
			buildConfigurations = (
				87D5E7A82A78492E00D6142E /* Debug */,
				87D5E7A92A78492E00D6142E /* Release */,
			);
			defaultConfigurationIsVisible = 0;
			defaultConfigurationName = Release;
		};
		87D5E7AA2A78492E00D6142E /* Build configuration list for PBXNativeTarget "EssentialFeed" */ = {
			isa = XCConfigurationList;
			buildConfigurations = (
				87D5E7AB2A78492E00D6142E /* Debug */,
				87D5E7AC2A78492E00D6142E /* Release */,
			);
			defaultConfigurationIsVisible = 0;
			defaultConfigurationName = Release;
		};
		87D5E7AD2A78492E00D6142E /* Build configuration list for PBXNativeTarget "EssentialFeedTests" */ = {
			isa = XCConfigurationList;
			buildConfigurations = (
				87D5E7AE2A78492E00D6142E /* Debug */,
				87D5E7AF2A78492E00D6142E /* Release */,
			);
			defaultConfigurationIsVisible = 0;
			defaultConfigurationName = Release;
		};
/* End XCConfigurationList section */

/* Begin XCVersionGroup section */
		878233BD2AD43547004B1FC6 /* FeedStore.xcdatamodeld */ = {
			isa = XCVersionGroup;
			children = (
				878233BE2AD43547004B1FC6 /* FeedStore.xcdatamodel */,
			);
			currentVersion = 878233BE2AD43547004B1FC6 /* FeedStore.xcdatamodel */;
			path = FeedStore.xcdatamodeld;
			sourceTree = "<group>";
			versionGroupType = wrapper.xcdatamodel;
		};
/* End XCVersionGroup section */
	};
	rootObject = 87D5E78D2A78492D00D6142E /* Project object */;
}
