// !$*UTF8*$!
{
	archiveVersion = 1;
	classes = {
	};
	objectVersion = 56;
	objects = {

/* Begin PBXBuildFile section */
		875D1FDB2A7A625E00B9210B /* XCTestCase+Utils.swift in Sources */ = {isa = PBXBuildFile; fileRef = 875D1FDA2A7A625E00B9210B /* XCTestCase+Utils.swift */; };
		87D5E79B2A78492D00D6142E /* EssentialFeed.docc in Sources */ = {isa = PBXBuildFile; fileRef = 87D5E79A2A78492D00D6142E /* EssentialFeed.docc */; };
		87D5E7A12A78492E00D6142E /* EssentialFeed.framework in Frameworks */ = {isa = PBXBuildFile; fileRef = 87D5E7962A78492D00D6142E /* EssentialFeed.framework */; };
		87D5E7A62A78492E00D6142E /* RemoteFeedLoaderTests.swift in Sources */ = {isa = PBXBuildFile; fileRef = 87D5E7A52A78492E00D6142E /* RemoteFeedLoaderTests.swift */; };
		87D5E7A72A78492E00D6142E /* EssentialFeed.h in Headers */ = {isa = PBXBuildFile; fileRef = 87D5E7992A78492D00D6142E /* EssentialFeed.h */; settings = {ATTRIBUTES = (Public, ); }; };
		87D5E7B52A792A2E00D6142E /* RemoteFeedLoader.swift in Sources */ = {isa = PBXBuildFile; fileRef = 87D5E7B12A792A2600D6142E /* RemoteFeedLoader.swift */; };
		87D5E7B62A792A3200D6142E /* FeedLoader.swift in Sources */ = {isa = PBXBuildFile; fileRef = 87D5E7B32A792A2800D6142E /* FeedLoader.swift */; };
		87D5E7B72A792A3200D6142E /* FeedItem.swift in Sources */ = {isa = PBXBuildFile; fileRef = 87D5E7B42A792A2800D6142E /* FeedItem.swift */; };
		87D5E7B92A7966C000D6142E /* HTTPClient.swift in Sources */ = {isa = PBXBuildFile; fileRef = 87D5E7B82A7966C000D6142E /* HTTPClient.swift */; };
		87D5E7BB2A79676600D6142E /* FeedItemMapper.swift in Sources */ = {isa = PBXBuildFile; fileRef = 87D5E7BA2A79676600D6142E /* FeedItemMapper.swift */; };
		87D5E7BD2A798E9900D6142E /* URLSessionHTTPClientTests.swift in Sources */ = {isa = PBXBuildFile; fileRef = 87D5E7BC2A798E9900D6142E /* URLSessionHTTPClientTests.swift */; };
/* End PBXBuildFile section */

/* Begin PBXContainerItemProxy section */
		87D5E7A22A78492E00D6142E /* PBXContainerItemProxy */ = {
			isa = PBXContainerItemProxy;
			containerPortal = 87D5E78D2A78492D00D6142E /* Project object */;
			proxyType = 1;
			remoteGlobalIDString = 87D5E7952A78492D00D6142E;
			remoteInfo = EssentialFeed;
		};
/* End PBXContainerItemProxy section */

/* Begin PBXFileReference section */
		875D1FDA2A7A625E00B9210B /* XCTestCase+Utils.swift */ = {isa = PBXFileReference; lastKnownFileType = sourcecode.swift; path = "XCTestCase+Utils.swift"; sourceTree = "<group>"; };
		87D5E7962A78492D00D6142E /* EssentialFeed.framework */ = {isa = PBXFileReference; explicitFileType = wrapper.framework; includeInIndex = 0; path = EssentialFeed.framework; sourceTree = BUILT_PRODUCTS_DIR; };
		87D5E7992A78492D00D6142E /* EssentialFeed.h */ = {isa = PBXFileReference; lastKnownFileType = sourcecode.c.h; path = EssentialFeed.h; sourceTree = "<group>"; };
		87D5E79A2A78492D00D6142E /* EssentialFeed.docc */ = {isa = PBXFileReference; lastKnownFileType = folder.documentationcatalog; path = EssentialFeed.docc; sourceTree = "<group>"; };
		87D5E7A02A78492E00D6142E /* EssentialFeedTests.xctest */ = {isa = PBXFileReference; explicitFileType = wrapper.cfbundle; includeInIndex = 0; path = EssentialFeedTests.xctest; sourceTree = BUILT_PRODUCTS_DIR; };
		87D5E7A52A78492E00D6142E /* RemoteFeedLoaderTests.swift */ = {isa = PBXFileReference; lastKnownFileType = sourcecode.swift; path = RemoteFeedLoaderTests.swift; sourceTree = "<group>"; };
		87D5E7B12A792A2600D6142E /* RemoteFeedLoader.swift */ = {isa = PBXFileReference; lastKnownFileType = sourcecode.swift; path = RemoteFeedLoader.swift; sourceTree = "<group>"; };
		87D5E7B32A792A2800D6142E /* FeedLoader.swift */ = {isa = PBXFileReference; lastKnownFileType = sourcecode.swift; path = FeedLoader.swift; sourceTree = "<group>"; };
		87D5E7B42A792A2800D6142E /* FeedItem.swift */ = {isa = PBXFileReference; lastKnownFileType = sourcecode.swift; path = FeedItem.swift; sourceTree = "<group>"; };
		87D5E7B82A7966C000D6142E /* HTTPClient.swift */ = {isa = PBXFileReference; lastKnownFileType = sourcecode.swift; path = HTTPClient.swift; sourceTree = "<group>"; };
		87D5E7BA2A79676600D6142E /* FeedItemMapper.swift */ = {isa = PBXFileReference; lastKnownFileType = sourcecode.swift; path = FeedItemMapper.swift; sourceTree = "<group>"; };
		87D5E7BC2A798E9900D6142E /* URLSessionHTTPClientTests.swift */ = {isa = PBXFileReference; lastKnownFileType = sourcecode.swift; path = URLSessionHTTPClientTests.swift; sourceTree = "<group>"; };
/* End PBXFileReference section */

/* Begin PBXFrameworksBuildPhase section */
		87D5E7932A78492D00D6142E /* Frameworks */ = {
			isa = PBXFrameworksBuildPhase;
			buildActionMask = 2147483647;
			files = (
			);
			runOnlyForDeploymentPostprocessing = 0;
		};
		87D5E79D2A78492E00D6142E /* Frameworks */ = {
			isa = PBXFrameworksBuildPhase;
			buildActionMask = 2147483647;
			files = (
				87D5E7A12A78492E00D6142E /* EssentialFeed.framework in Frameworks */,
			);
			runOnlyForDeploymentPostprocessing = 0;
		};
/* End PBXFrameworksBuildPhase section */

/* Begin PBXGroup section */
		875D1FD92A7A624800B9210B /* Helpers */ = {
			isa = PBXGroup;
			children = (
				875D1FDA2A7A625E00B9210B /* XCTestCase+Utils.swift */,
			);
			path = Helpers;
			sourceTree = "<group>";
		};
		87D5E78C2A78492D00D6142E = {
			isa = PBXGroup;
			children = (
				87D5E7982A78492D00D6142E /* EssentialFeed */,
				87D5E7A42A78492E00D6142E /* EssentialFeedTests */,
				87D5E7972A78492D00D6142E /* Products */,
			);
			sourceTree = "<group>";
		};
		87D5E7972A78492D00D6142E /* Products */ = {
			isa = PBXGroup;
			children = (
				87D5E7962A78492D00D6142E /* EssentialFeed.framework */,
				87D5E7A02A78492E00D6142E /* EssentialFeedTests.xctest */,
			);
			name = Products;
			sourceTree = "<group>";
		};
		87D5E7982A78492D00D6142E /* EssentialFeed */ = {
			isa = PBXGroup;
			children = (
				87D5E7992A78492D00D6142E /* EssentialFeed.h */,
				87D5E7B02A792A2600D6142E /* Feed API */,
				87D5E7B22A792A2800D6142E /* Feed feature */,
				87D5E79A2A78492D00D6142E /* EssentialFeed.docc */,
			);
			path = EssentialFeed;
			sourceTree = "<group>";
		};
		87D5E7A42A78492E00D6142E /* EssentialFeedTests */ = {
			isa = PBXGroup;
			children = (
				875D1FD92A7A624800B9210B /* Helpers */,
				87D5E7A52A78492E00D6142E /* RemoteFeedLoaderTests.swift */,
				87D5E7BC2A798E9900D6142E /* URLSessionHTTPClientTests.swift */,
			);
			path = EssentialFeedTests;
			sourceTree = "<group>";
		};
		87D5E7B02A792A2600D6142E /* Feed API */ = {
			isa = PBXGroup;
			children = (
				87D5E7B82A7966C000D6142E /* HTTPClient.swift */,
				87D5E7B12A792A2600D6142E /* RemoteFeedLoader.swift */,
				87D5E7BA2A79676600D6142E /* FeedItemMapper.swift */,
			);
			path = "Feed API";
			sourceTree = "<group>";
		};
		87D5E7B22A792A2800D6142E /* Feed feature */ = {
			isa = PBXGroup;
			children = (
				87D5E7B32A792A2800D6142E /* FeedLoader.swift */,
				87D5E7B42A792A2800D6142E /* FeedItem.swift */,
			);
			path = "Feed feature";
			sourceTree = "<group>";
		};
/* End PBXGroup section */

/* Begin PBXHeadersBuildPhase section */
		87D5E7912A78492D00D6142E /* Headers */ = {
			isa = PBXHeadersBuildPhase;
			buildActionMask = 2147483647;
			files = (
				87D5E7A72A78492E00D6142E /* EssentialFeed.h in Headers */,
			);
			runOnlyForDeploymentPostprocessing = 0;
		};
/* End PBXHeadersBuildPhase section */

/* Begin PBXNativeTarget section */
		87D5E7952A78492D00D6142E /* EssentialFeed */ = {
			isa = PBXNativeTarget;
			buildConfigurationList = 87D5E7AA2A78492E00D6142E /* Build configuration list for PBXNativeTarget "EssentialFeed" */;
			buildPhases = (
				87D5E7912A78492D00D6142E /* Headers */,
				87D5E7922A78492D00D6142E /* Sources */,
				87D5E7932A78492D00D6142E /* Frameworks */,
				87D5E7942A78492D00D6142E /* Resources */,
			);
			buildRules = (
			);
			dependencies = (
			);
			name = EssentialFeed;
			productName = EssentialFeed;
			productReference = 87D5E7962A78492D00D6142E /* EssentialFeed.framework */;
			productType = "com.apple.product-type.framework";
		};
		87D5E79F2A78492E00D6142E /* EssentialFeedTests */ = {
			isa = PBXNativeTarget;
			buildConfigurationList = 87D5E7AD2A78492E00D6142E /* Build configuration list for PBXNativeTarget "EssentialFeedTests" */;
			buildPhases = (
				87D5E79C2A78492E00D6142E /* Sources */,
				87D5E79D2A78492E00D6142E /* Frameworks */,
				87D5E79E2A78492E00D6142E /* Resources */,
			);
			buildRules = (
			);
			dependencies = (
				87D5E7A32A78492E00D6142E /* PBXTargetDependency */,
			);
			name = EssentialFeedTests;
			productName = EssentialFeedTests;
			productReference = 87D5E7A02A78492E00D6142E /* EssentialFeedTests.xctest */;
			productType = "com.apple.product-type.bundle.unit-test";
		};
/* End PBXNativeTarget section */

/* Begin PBXProject section */
		87D5E78D2A78492D00D6142E /* Project object */ = {
			isa = PBXProject;
			attributes = {
				BuildIndependentTargetsInParallel = 1;
				LastSwiftUpdateCheck = 1430;
				LastUpgradeCheck = 1430;
				TargetAttributes = {
					87D5E7952A78492D00D6142E = {
						CreatedOnToolsVersion = 14.3.1;
					};
					87D5E79F2A78492E00D6142E = {
						CreatedOnToolsVersion = 14.3.1;
					};
				};
			};
			buildConfigurationList = 87D5E7902A78492D00D6142E /* Build configuration list for PBXProject "EssentialFeed" */;
			compatibilityVersion = "Xcode 14.0";
			developmentRegion = en;
			hasScannedForEncodings = 0;
			knownRegions = (
				en,
				Base,
			);
			mainGroup = 87D5E78C2A78492D00D6142E;
			productRefGroup = 87D5E7972A78492D00D6142E /* Products */;
			projectDirPath = "";
			projectRoot = "";
			targets = (
				87D5E7952A78492D00D6142E /* EssentialFeed */,
				87D5E79F2A78492E00D6142E /* EssentialFeedTests */,
			);
		};
/* End PBXProject section */

/* Begin PBXResourcesBuildPhase section */
		87D5E7942A78492D00D6142E /* Resources */ = {
			isa = PBXResourcesBuildPhase;
			buildActionMask = 2147483647;
			files = (
			);
			runOnlyForDeploymentPostprocessing = 0;
		};
		87D5E79E2A78492E00D6142E /* Resources */ = {
			isa = PBXResourcesBuildPhase;
			buildActionMask = 2147483647;
			files = (
			);
			runOnlyForDeploymentPostprocessing = 0;
		};
/* End PBXResourcesBuildPhase section */

/* Begin PBXSourcesBuildPhase section */
		87D5E7922A78492D00D6142E /* Sources */ = {
			isa = PBXSourcesBuildPhase;
			buildActionMask = 2147483647;
			files = (
				87D5E7B72A792A3200D6142E /* FeedItem.swift in Sources */,
				87D5E7B92A7966C000D6142E /* HTTPClient.swift in Sources */,
				87D5E7B62A792A3200D6142E /* FeedLoader.swift in Sources */,
				87D5E7BB2A79676600D6142E /* FeedItemMapper.swift in Sources */,
				87D5E7B52A792A2E00D6142E /* RemoteFeedLoader.swift in Sources */,
				87D5E79B2A78492D00D6142E /* EssentialFeed.docc in Sources */,
			);
			runOnlyForDeploymentPostprocessing = 0;
		};
		87D5E79C2A78492E00D6142E /* Sources */ = {
			isa = PBXSourcesBuildPhase;
			buildActionMask = 2147483647;
			files = (
				87D5E7A62A78492E00D6142E /* RemoteFeedLoaderTests.swift in Sources */,
				87D5E7BD2A798E9900D6142E /* URLSessionHTTPClientTests.swift in Sources */,
				875D1FDB2A7A625E00B9210B /* XCTestCase+Utils.swift in Sources */,
			);
			runOnlyForDeploymentPostprocessing = 0;
		};
/* End PBXSourcesBuildPhase section */

/* Begin PBXTargetDependency section */
		87D5E7A32A78492E00D6142E /* PBXTargetDependency */ = {
			isa = PBXTargetDependency;
			target = 87D5E7952A78492D00D6142E /* EssentialFeed */;
			targetProxy = 87D5E7A22A78492E00D6142E /* PBXContainerItemProxy */;
		};
/* End PBXTargetDependency section */

/* Begin XCBuildConfiguration section */
		87D5E7A82A78492E00D6142E /* Debug */ = {
			isa = XCBuildConfiguration;
			buildSettings = {
				ALWAYS_SEARCH_USER_PATHS = NO;
				CLANG_ANALYZER_NONNULL = YES;
				CLANG_ANALYZER_NUMBER_OBJECT_CONVERSION = YES_AGGRESSIVE;
				CLANG_CXX_LANGUAGE_STANDARD = "gnu++20";
				CLANG_ENABLE_MODULES = YES;
				CLANG_ENABLE_OBJC_ARC = YES;
				CLANG_ENABLE_OBJC_WEAK = YES;
				CLANG_WARN_BLOCK_CAPTURE_AUTORELEASING = YES;
				CLANG_WARN_BOOL_CONVERSION = YES;
				CLANG_WARN_COMMA = YES;
				CLANG_WARN_CONSTANT_CONVERSION = YES;
				CLANG_WARN_DEPRECATED_OBJC_IMPLEMENTATIONS = YES;
				CLANG_WARN_DIRECT_OBJC_ISA_USAGE = YES_ERROR;
				CLANG_WARN_DOCUMENTATION_COMMENTS = YES;
				CLANG_WARN_EMPTY_BODY = YES;
				CLANG_WARN_ENUM_CONVERSION = YES;
				CLANG_WARN_INFINITE_RECURSION = YES;
				CLANG_WARN_INT_CONVERSION = YES;
				CLANG_WARN_NON_LITERAL_NULL_CONVERSION = YES;
				CLANG_WARN_OBJC_IMPLICIT_RETAIN_SELF = YES;
				CLANG_WARN_OBJC_LITERAL_CONVERSION = YES;
				CLANG_WARN_OBJC_ROOT_CLASS = YES_ERROR;
				CLANG_WARN_QUOTED_INCLUDE_IN_FRAMEWORK_HEADER = YES;
				CLANG_WARN_RANGE_LOOP_ANALYSIS = YES;
				CLANG_WARN_STRICT_PROTOTYPES = YES;
				CLANG_WARN_SUSPICIOUS_MOVE = YES;
				CLANG_WARN_UNGUARDED_AVAILABILITY = YES_AGGRESSIVE;
				CLANG_WARN_UNREACHABLE_CODE = YES;
				CLANG_WARN__DUPLICATE_METHOD_MATCH = YES;
				COPY_PHASE_STRIP = NO;
				CURRENT_PROJECT_VERSION = 1;
				DEBUG_INFORMATION_FORMAT = dwarf;
				ENABLE_STRICT_OBJC_MSGSEND = YES;
				ENABLE_TESTABILITY = YES;
				GCC_C_LANGUAGE_STANDARD = gnu11;
				GCC_DYNAMIC_NO_PIC = NO;
				GCC_NO_COMMON_BLOCKS = YES;
				GCC_OPTIMIZATION_LEVEL = 0;
				GCC_PREPROCESSOR_DEFINITIONS = (
					"DEBUG=1",
					"$(inherited)",
				);
				GCC_WARN_64_TO_32_BIT_CONVERSION = YES;
				GCC_WARN_ABOUT_RETURN_TYPE = YES_ERROR;
				GCC_WARN_UNDECLARED_SELECTOR = YES;
				GCC_WARN_UNINITIALIZED_AUTOS = YES_AGGRESSIVE;
				GCC_WARN_UNUSED_FUNCTION = YES;
				GCC_WARN_UNUSED_VARIABLE = YES;
				MACOSX_DEPLOYMENT_TARGET = 13.3;
				MTL_ENABLE_DEBUG_INFO = INCLUDE_SOURCE;
				MTL_FAST_MATH = YES;
				ONLY_ACTIVE_ARCH = YES;
				SDKROOT = macosx;
				SWIFT_ACTIVE_COMPILATION_CONDITIONS = DEBUG;
				SWIFT_OPTIMIZATION_LEVEL = "-Onone";
				VERSIONING_SYSTEM = "apple-generic";
				VERSION_INFO_PREFIX = "";
			};
			name = Debug;
		};
		87D5E7A92A78492E00D6142E /* Release */ = {
			isa = XCBuildConfiguration;
			buildSettings = {
				ALWAYS_SEARCH_USER_PATHS = NO;
				CLANG_ANALYZER_NONNULL = YES;
				CLANG_ANALYZER_NUMBER_OBJECT_CONVERSION = YES_AGGRESSIVE;
				CLANG_CXX_LANGUAGE_STANDARD = "gnu++20";
				CLANG_ENABLE_MODULES = YES;
				CLANG_ENABLE_OBJC_ARC = YES;
				CLANG_ENABLE_OBJC_WEAK = YES;
				CLANG_WARN_BLOCK_CAPTURE_AUTORELEASING = YES;
				CLANG_WARN_BOOL_CONVERSION = YES;
				CLANG_WARN_COMMA = YES;
				CLANG_WARN_CONSTANT_CONVERSION = YES;
				CLANG_WARN_DEPRECATED_OBJC_IMPLEMENTATIONS = YES;
				CLANG_WARN_DIRECT_OBJC_ISA_USAGE = YES_ERROR;
				CLANG_WARN_DOCUMENTATION_COMMENTS = YES;
				CLANG_WARN_EMPTY_BODY = YES;
				CLANG_WARN_ENUM_CONVERSION = YES;
				CLANG_WARN_INFINITE_RECURSION = YES;
				CLANG_WARN_INT_CONVERSION = YES;
				CLANG_WARN_NON_LITERAL_NULL_CONVERSION = YES;
				CLANG_WARN_OBJC_IMPLICIT_RETAIN_SELF = YES;
				CLANG_WARN_OBJC_LITERAL_CONVERSION = YES;
				CLANG_WARN_OBJC_ROOT_CLASS = YES_ERROR;
				CLANG_WARN_QUOTED_INCLUDE_IN_FRAMEWORK_HEADER = YES;
				CLANG_WARN_RANGE_LOOP_ANALYSIS = YES;
				CLANG_WARN_STRICT_PROTOTYPES = YES;
				CLANG_WARN_SUSPICIOUS_MOVE = YES;
				CLANG_WARN_UNGUARDED_AVAILABILITY = YES_AGGRESSIVE;
				CLANG_WARN_UNREACHABLE_CODE = YES;
				CLANG_WARN__DUPLICATE_METHOD_MATCH = YES;
				COPY_PHASE_STRIP = NO;
				CURRENT_PROJECT_VERSION = 1;
				DEBUG_INFORMATION_FORMAT = "dwarf-with-dsym";
				ENABLE_NS_ASSERTIONS = NO;
				ENABLE_STRICT_OBJC_MSGSEND = YES;
				GCC_C_LANGUAGE_STANDARD = gnu11;
				GCC_NO_COMMON_BLOCKS = YES;
				GCC_WARN_64_TO_32_BIT_CONVERSION = YES;
				GCC_WARN_ABOUT_RETURN_TYPE = YES_ERROR;
				GCC_WARN_UNDECLARED_SELECTOR = YES;
				GCC_WARN_UNINITIALIZED_AUTOS = YES_AGGRESSIVE;
				GCC_WARN_UNUSED_FUNCTION = YES;
				GCC_WARN_UNUSED_VARIABLE = YES;
				MACOSX_DEPLOYMENT_TARGET = 13.3;
				MTL_ENABLE_DEBUG_INFO = NO;
				MTL_FAST_MATH = YES;
				SDKROOT = macosx;
				SWIFT_COMPILATION_MODE = wholemodule;
				SWIFT_OPTIMIZATION_LEVEL = "-O";
				VERSIONING_SYSTEM = "apple-generic";
				VERSION_INFO_PREFIX = "";
			};
			name = Release;
		};
		87D5E7AB2A78492E00D6142E /* Debug */ = {
			isa = XCBuildConfiguration;
			buildSettings = {
				CODE_SIGN_STYLE = Automatic;
				COMBINE_HIDPI_IMAGES = YES;
				CURRENT_PROJECT_VERSION = 1;
				DEFINES_MODULE = YES;
				DYLIB_COMPATIBILITY_VERSION = 1;
				DYLIB_CURRENT_VERSION = 1;
				DYLIB_INSTALL_NAME_BASE = "@rpath";
				ENABLE_MODULE_VERIFIER = YES;
				GENERATE_INFOPLIST_FILE = YES;
				INFOPLIST_KEY_NSHumanReadableCopyright = "";
				INSTALL_PATH = "$(LOCAL_LIBRARY_DIR)/Frameworks";
				LD_RUNPATH_SEARCH_PATHS = (
					"$(inherited)",
					"@executable_path/../Frameworks",
					"@loader_path/Frameworks",
				);
				MARKETING_VERSION = 1.0;
				MODULE_VERIFIER_SUPPORTED_LANGUAGES = "objective-c objective-c++";
				MODULE_VERIFIER_SUPPORTED_LANGUAGE_STANDARDS = "gnu11 gnu++20";
				PRODUCT_BUNDLE_IDENTIFIER = com.alexmotoc.EssentialFeed;
				PRODUCT_NAME = "$(TARGET_NAME:c99extidentifier)";
				SKIP_INSTALL = YES;
				SWIFT_EMIT_LOC_STRINGS = YES;
				SWIFT_VERSION = 5.0;
			};
			name = Debug;
		};
		87D5E7AC2A78492E00D6142E /* Release */ = {
			isa = XCBuildConfiguration;
			buildSettings = {
				CODE_SIGN_STYLE = Automatic;
				COMBINE_HIDPI_IMAGES = YES;
				CURRENT_PROJECT_VERSION = 1;
				DEFINES_MODULE = YES;
				DYLIB_COMPATIBILITY_VERSION = 1;
				DYLIB_CURRENT_VERSION = 1;
				DYLIB_INSTALL_NAME_BASE = "@rpath";
				ENABLE_MODULE_VERIFIER = YES;
				GENERATE_INFOPLIST_FILE = YES;
				INFOPLIST_KEY_NSHumanReadableCopyright = "";
				INSTALL_PATH = "$(LOCAL_LIBRARY_DIR)/Frameworks";
				LD_RUNPATH_SEARCH_PATHS = (
					"$(inherited)",
					"@executable_path/../Frameworks",
					"@loader_path/Frameworks",
				);
				MARKETING_VERSION = 1.0;
				MODULE_VERIFIER_SUPPORTED_LANGUAGES = "objective-c objective-c++";
				MODULE_VERIFIER_SUPPORTED_LANGUAGE_STANDARDS = "gnu11 gnu++20";
				PRODUCT_BUNDLE_IDENTIFIER = com.alexmotoc.EssentialFeed;
				PRODUCT_NAME = "$(TARGET_NAME:c99extidentifier)";
				SKIP_INSTALL = YES;
				SWIFT_EMIT_LOC_STRINGS = YES;
				SWIFT_VERSION = 5.0;
			};
			name = Release;
		};
		87D5E7AE2A78492E00D6142E /* Debug */ = {
			isa = XCBuildConfiguration;
			buildSettings = {
				ALWAYS_EMBED_SWIFT_STANDARD_LIBRARIES = YES;
				CODE_SIGN_STYLE = Automatic;
				CURRENT_PROJECT_VERSION = 1;
				GENERATE_INFOPLIST_FILE = YES;
				MARKETING_VERSION = 1.0;
				PRODUCT_BUNDLE_IDENTIFIER = com.alexmotoc.EssentialFeedTests;
				PRODUCT_NAME = "$(TARGET_NAME)";
				SWIFT_EMIT_LOC_STRINGS = NO;
				SWIFT_VERSION = 5.0;
			};
			name = Debug;
		};
		87D5E7AF2A78492E00D6142E /* Release */ = {
			isa = XCBuildConfiguration;
			buildSettings = {
				ALWAYS_EMBED_SWIFT_STANDARD_LIBRARIES = YES;
				CODE_SIGN_STYLE = Automatic;
				CURRENT_PROJECT_VERSION = 1;
				GENERATE_INFOPLIST_FILE = YES;
				MARKETING_VERSION = 1.0;
				PRODUCT_BUNDLE_IDENTIFIER = com.alexmotoc.EssentialFeedTests;
				PRODUCT_NAME = "$(TARGET_NAME)";
				SWIFT_EMIT_LOC_STRINGS = NO;
				SWIFT_VERSION = 5.0;
			};
			name = Release;
		};
/* End XCBuildConfiguration section */

/* Begin XCConfigurationList section */
		87D5E7902A78492D00D6142E /* Build configuration list for PBXProject "EssentialFeed" */ = {
			isa = XCConfigurationList;
			buildConfigurations = (
				87D5E7A82A78492E00D6142E /* Debug */,
				87D5E7A92A78492E00D6142E /* Release */,
			);
			defaultConfigurationIsVisible = 0;
			defaultConfigurationName = Release;
		};
		87D5E7AA2A78492E00D6142E /* Build configuration list for PBXNativeTarget "EssentialFeed" */ = {
			isa = XCConfigurationList;
			buildConfigurations = (
				87D5E7AB2A78492E00D6142E /* Debug */,
				87D5E7AC2A78492E00D6142E /* Release */,
			);
			defaultConfigurationIsVisible = 0;
			defaultConfigurationName = Release;
		};
		87D5E7AD2A78492E00D6142E /* Build configuration list for PBXNativeTarget "EssentialFeedTests" */ = {
			isa = XCConfigurationList;
			buildConfigurations = (
				87D5E7AE2A78492E00D6142E /* Debug */,
				87D5E7AF2A78492E00D6142E /* Release */,
			);
			defaultConfigurationIsVisible = 0;
			defaultConfigurationName = Release;
		};
/* End XCConfigurationList section */
	};
	rootObject = 87D5E78D2A78492D00D6142E /* Project object */;
}
