// !$*UTF8*$!
{
	archiveVersion = 1;
	classes = {
	};
	objectVersion = 56;
	objects = {

/* Begin PBXBuildFile section */
		8718AA992AE4377D00908699 /* UIView+TestHelpers.swift in Sources */ = {isa = PBXBuildFile; fileRef = 8718AA982AE4377D00908699 /* UIView+TestHelpers.swift */; };
		8718AA9E2AE9331600908699 /* CombineHelpers.swift in Sources */ = {isa = PBXBuildFile; fileRef = 8718AA9D2AE9331600908699 /* CombineHelpers.swift */; };
		87226DBD2ADF0A8B00D13189 /* AppDelegate.swift in Sources */ = {isa = PBXBuildFile; fileRef = 87226DBC2ADF0A8B00D13189 /* AppDelegate.swift */; };
		87226DBF2ADF0A8B00D13189 /* SceneDelegate.swift in Sources */ = {isa = PBXBuildFile; fileRef = 87226DBE2ADF0A8B00D13189 /* SceneDelegate.swift */; };
		87226DC62ADF0A8C00D13189 /* Assets.xcassets in Resources */ = {isa = PBXBuildFile; fileRef = 87226DC52ADF0A8C00D13189 /* Assets.xcassets */; };
		87226DC92ADF0A8C00D13189 /* LaunchScreen.storyboard in Resources */ = {isa = PBXBuildFile; fileRef = 87226DC72ADF0A8C00D13189 /* LaunchScreen.storyboard */; };
		87616AFF2AED26DA002265CD /* CommentsUIIntegrationTests.swift in Sources */ = {isa = PBXBuildFile; fileRef = 87616AFE2AED26DA002265CD /* CommentsUIIntegrationTests.swift */; };
		87616B012AED27D1002265CD /* CommentsUIComposer.swift in Sources */ = {isa = PBXBuildFile; fileRef = 87616B002AED27D1002265CD /* CommentsUIComposer.swift */; };
		87A5FC3A2AE16A490087C621 /* XCTestCase+Utils.swift in Sources */ = {isa = PBXBuildFile; fileRef = 87A5FC392AE16A490087C621 /* XCTestCase+Utils.swift */; };
		87A5FC442AE17DD20087C621 /* EssentialFeed.framework in Frameworks */ = {isa = PBXBuildFile; fileRef = 87A5FC422AE17DD20087C621 /* EssentialFeed.framework */; };
		87A5FC452AE17DD20087C621 /* EssentialFeed.framework in Embed Frameworks */ = {isa = PBXBuildFile; fileRef = 87A5FC422AE17DD20087C621 /* EssentialFeed.framework */; settings = {ATTRIBUTES = (CodeSignOnCopy, RemoveHeadersOnCopy, ); }; };
		87A5FC462AE17DD20087C621 /* EssentialFeediOS.framework in Frameworks */ = {isa = PBXBuildFile; fileRef = 87A5FC432AE17DD20087C621 /* EssentialFeediOS.framework */; };
		87A5FC472AE17DD20087C621 /* EssentialFeediOS.framework in Embed Frameworks */ = {isa = PBXBuildFile; fileRef = 87A5FC432AE17DD20087C621 /* EssentialFeediOS.framework */; settings = {ATTRIBUTES = (CodeSignOnCopy, RemoveHeadersOnCopy, ); }; };
		87E80E4F2AE2E82900C3EE50 /* FeedUIComposer.swift in Sources */ = {isa = PBXBuildFile; fileRef = 87E80E4D2AE2E82900C3EE50 /* FeedUIComposer.swift */; };
		87E80E502AE2E82900C3EE50 /* FeedAdapter.swift in Sources */ = {isa = PBXBuildFile; fileRef = 87E80E4E2AE2E82900C3EE50 /* FeedAdapter.swift */; };
		87E80E532AE2E82900C3EE50 /* WeakRefVirtualProxy.swift in Sources */ = {isa = PBXBuildFile; fileRef = 87E80E492AE2E82900C3EE50 /* WeakRefVirtualProxy.swift */; };
		87E80E542AE2E82900C3EE50 /* ResourceLoaderPresenterAdapter.swift in Sources */ = {isa = PBXBuildFile; fileRef = 87E80E4B2AE2E82900C3EE50 /* ResourceLoaderPresenterAdapter.swift */; };
		87E80E562AE2E84300C3EE50 /* FeedUIIntegrationTests.swift in Sources */ = {isa = PBXBuildFile; fileRef = 87E80E552AE2E84300C3EE50 /* FeedUIIntegrationTests.swift */; };
		87E80E5D2AE2E85B00C3EE50 /* UIButton+TestHelpers.swift in Sources */ = {isa = PBXBuildFile; fileRef = 87E80E592AE2E85B00C3EE50 /* UIButton+TestHelpers.swift */; };
		87E80E5E2AE2E85B00C3EE50 /* FeedItemCell+TestHelpers.swift in Sources */ = {isa = PBXBuildFile; fileRef = 87E80E5C2AE2E85B00C3EE50 /* FeedItemCell+TestHelpers.swift */; };
		87E80E5F2AE2E85B00C3EE50 /* UIImage+TestHelpers.swift in Sources */ = {isa = PBXBuildFile; fileRef = 87E80E582AE2E85B00C3EE50 /* UIImage+TestHelpers.swift */; };
		87E80E602AE2E85B00C3EE50 /* FeedViewController+TestHelpers.swift in Sources */ = {isa = PBXBuildFile; fileRef = 87E80E572AE2E85B00C3EE50 /* FeedViewController+TestHelpers.swift */; };
		87E80E612AE2E85B00C3EE50 /* FeedUIIntegrationTests+LoaderSpy.swift in Sources */ = {isa = PBXBuildFile; fileRef = 87E80E5A2AE2E85B00C3EE50 /* FeedUIIntegrationTests+LoaderSpy.swift */; };
		87E80E622AE2E85B00C3EE50 /* UIRefreshControl+TestHelpers.swift in Sources */ = {isa = PBXBuildFile; fileRef = 87E80E5B2AE2E85B00C3EE50 /* UIRefreshControl+TestHelpers.swift */; };
		87E80E642AE2E9DE00C3EE50 /* XCTestCase+Localizable.swift in Sources */ = {isa = PBXBuildFile; fileRef = 87E80E632AE2E9DE00C3EE50 /* XCTestCase+Localizable.swift */; };
		87E80E662AE2EB7F00C3EE50 /* SceneDelegateTests.swift in Sources */ = {isa = PBXBuildFile; fileRef = 87E80E652AE2EB7F00C3EE50 /* SceneDelegateTests.swift */; };
		87E80E682AE2ECF100C3EE50 /* FeedAcceptanceTests.swift in Sources */ = {isa = PBXBuildFile; fileRef = 87E80E672AE2ECF100C3EE50 /* FeedAcceptanceTests.swift */; };
		87E80E6A2AE2EDA800C3EE50 /* HTTPClientStub.swift in Sources */ = {isa = PBXBuildFile; fileRef = 87E80E692AE2EDA800C3EE50 /* HTTPClientStub.swift */; };
		87E80E6C2AE2EE4300C3EE50 /* InMemoryFeedStore.swift in Sources */ = {isa = PBXBuildFile; fileRef = 87E80E6B2AE2EE4300C3EE50 /* InMemoryFeedStore.swift */; };
/* End PBXBuildFile section */

/* Begin PBXContainerItemProxy section */
		87226DD02ADF0A8C00D13189 /* PBXContainerItemProxy */ = {
			isa = PBXContainerItemProxy;
			containerPortal = 87226DB12ADF0A8B00D13189 /* Project object */;
			proxyType = 1;
			remoteGlobalIDString = 87226DB82ADF0A8B00D13189;
			remoteInfo = EssentialApp;
		};
/* End PBXContainerItemProxy section */

/* Begin PBXCopyFilesBuildPhase section */
		87A5FC482AE17DD20087C621 /* Embed Frameworks */ = {
			isa = PBXCopyFilesBuildPhase;
			buildActionMask = 2147483647;
			dstPath = "";
			dstSubfolderSpec = 10;
			files = (
				87A5FC452AE17DD20087C621 /* EssentialFeed.framework in Embed Frameworks */,
				87A5FC472AE17DD20087C621 /* EssentialFeediOS.framework in Embed Frameworks */,
			);
			name = "Embed Frameworks";
			runOnlyForDeploymentPostprocessing = 0;
		};
/* End PBXCopyFilesBuildPhase section */

/* Begin PBXFileReference section */
		8718AA982AE4377D00908699 /* UIView+TestHelpers.swift */ = {isa = PBXFileReference; lastKnownFileType = sourcecode.swift; path = "UIView+TestHelpers.swift"; sourceTree = "<group>"; };
		8718AA9D2AE9331600908699 /* CombineHelpers.swift */ = {isa = PBXFileReference; lastKnownFileType = sourcecode.swift; path = CombineHelpers.swift; sourceTree = "<group>"; };
		87226DB92ADF0A8B00D13189 /* EssentialApp.app */ = {isa = PBXFileReference; explicitFileType = wrapper.application; includeInIndex = 0; path = EssentialApp.app; sourceTree = BUILT_PRODUCTS_DIR; };
		87226DBC2ADF0A8B00D13189 /* AppDelegate.swift */ = {isa = PBXFileReference; lastKnownFileType = sourcecode.swift; path = AppDelegate.swift; sourceTree = "<group>"; };
		87226DBE2ADF0A8B00D13189 /* SceneDelegate.swift */ = {isa = PBXFileReference; lastKnownFileType = sourcecode.swift; path = SceneDelegate.swift; sourceTree = "<group>"; };
		87226DC52ADF0A8C00D13189 /* Assets.xcassets */ = {isa = PBXFileReference; lastKnownFileType = folder.assetcatalog; path = Assets.xcassets; sourceTree = "<group>"; };
		87226DC82ADF0A8C00D13189 /* Base */ = {isa = PBXFileReference; lastKnownFileType = file.storyboard; name = Base; path = Base.lproj/LaunchScreen.storyboard; sourceTree = "<group>"; };
		87226DCA2ADF0A8C00D13189 /* Info.plist */ = {isa = PBXFileReference; lastKnownFileType = text.plist.xml; path = Info.plist; sourceTree = "<group>"; };
		87226DCF2ADF0A8C00D13189 /* EssentialAppTests.xctest */ = {isa = PBXFileReference; explicitFileType = wrapper.cfbundle; includeInIndex = 0; path = EssentialAppTests.xctest; sourceTree = BUILT_PRODUCTS_DIR; };
		873E05C02AE29A6000F60EBE /* EssentialApp.xctestplan */ = {isa = PBXFileReference; lastKnownFileType = text; path = EssentialApp.xctestplan; sourceTree = "<group>"; };
		87616AFE2AED26DA002265CD /* CommentsUIIntegrationTests.swift */ = {isa = PBXFileReference; lastKnownFileType = sourcecode.swift; path = CommentsUIIntegrationTests.swift; sourceTree = "<group>"; };
		87616B002AED27D1002265CD /* CommentsUIComposer.swift */ = {isa = PBXFileReference; lastKnownFileType = sourcecode.swift; path = CommentsUIComposer.swift; sourceTree = "<group>"; };
		87A5FC392AE16A490087C621 /* XCTestCase+Utils.swift */ = {isa = PBXFileReference; fileEncoding = 4; lastKnownFileType = sourcecode.swift; path = "XCTestCase+Utils.swift"; sourceTree = "<group>"; };
		87A5FC422AE17DD20087C621 /* EssentialFeed.framework */ = {isa = PBXFileReference; explicitFileType = wrapper.framework; path = EssentialFeed.framework; sourceTree = BUILT_PRODUCTS_DIR; };
		87A5FC432AE17DD20087C621 /* EssentialFeediOS.framework */ = {isa = PBXFileReference; explicitFileType = wrapper.framework; path = EssentialFeediOS.framework; sourceTree = BUILT_PRODUCTS_DIR; };
		87E80E492AE2E82900C3EE50 /* WeakRefVirtualProxy.swift */ = {isa = PBXFileReference; lastKnownFileType = sourcecode.swift; path = WeakRefVirtualProxy.swift; sourceTree = "<group>"; };
		87E80E4B2AE2E82900C3EE50 /* ResourceLoaderPresenterAdapter.swift */ = {isa = PBXFileReference; lastKnownFileType = sourcecode.swift; path = ResourceLoaderPresenterAdapter.swift; sourceTree = "<group>"; };
		87E80E4D2AE2E82900C3EE50 /* FeedUIComposer.swift */ = {isa = PBXFileReference; lastKnownFileType = sourcecode.swift; path = FeedUIComposer.swift; sourceTree = "<group>"; };
		87E80E4E2AE2E82900C3EE50 /* FeedAdapter.swift */ = {isa = PBXFileReference; lastKnownFileType = sourcecode.swift; path = FeedAdapter.swift; sourceTree = "<group>"; };
		87E80E552AE2E84300C3EE50 /* FeedUIIntegrationTests.swift */ = {isa = PBXFileReference; lastKnownFileType = sourcecode.swift; path = FeedUIIntegrationTests.swift; sourceTree = "<group>"; };
		87E80E572AE2E85B00C3EE50 /* FeedViewController+TestHelpers.swift */ = {isa = PBXFileReference; lastKnownFileType = sourcecode.swift; path = "FeedViewController+TestHelpers.swift"; sourceTree = "<group>"; };
		87E80E582AE2E85B00C3EE50 /* UIImage+TestHelpers.swift */ = {isa = PBXFileReference; lastKnownFileType = sourcecode.swift; path = "UIImage+TestHelpers.swift"; sourceTree = "<group>"; };
		87E80E592AE2E85B00C3EE50 /* UIButton+TestHelpers.swift */ = {isa = PBXFileReference; lastKnownFileType = sourcecode.swift; path = "UIButton+TestHelpers.swift"; sourceTree = "<group>"; };
		87E80E5A2AE2E85B00C3EE50 /* FeedUIIntegrationTests+LoaderSpy.swift */ = {isa = PBXFileReference; lastKnownFileType = sourcecode.swift; path = "FeedUIIntegrationTests+LoaderSpy.swift"; sourceTree = "<group>"; };
		87E80E5B2AE2E85B00C3EE50 /* UIRefreshControl+TestHelpers.swift */ = {isa = PBXFileReference; lastKnownFileType = sourcecode.swift; path = "UIRefreshControl+TestHelpers.swift"; sourceTree = "<group>"; };
		87E80E5C2AE2E85B00C3EE50 /* FeedItemCell+TestHelpers.swift */ = {isa = PBXFileReference; lastKnownFileType = sourcecode.swift; path = "FeedItemCell+TestHelpers.swift"; sourceTree = "<group>"; };
		87E80E632AE2E9DE00C3EE50 /* XCTestCase+Localizable.swift */ = {isa = PBXFileReference; lastKnownFileType = sourcecode.swift; path = "XCTestCase+Localizable.swift"; sourceTree = "<group>"; };
		87E80E652AE2EB7F00C3EE50 /* SceneDelegateTests.swift */ = {isa = PBXFileReference; lastKnownFileType = sourcecode.swift; path = SceneDelegateTests.swift; sourceTree = "<group>"; };
		87E80E672AE2ECF100C3EE50 /* FeedAcceptanceTests.swift */ = {isa = PBXFileReference; lastKnownFileType = sourcecode.swift; path = FeedAcceptanceTests.swift; sourceTree = "<group>"; };
		87E80E692AE2EDA800C3EE50 /* HTTPClientStub.swift */ = {isa = PBXFileReference; lastKnownFileType = sourcecode.swift; path = HTTPClientStub.swift; sourceTree = "<group>"; };
		87E80E6B2AE2EE4300C3EE50 /* InMemoryFeedStore.swift */ = {isa = PBXFileReference; lastKnownFileType = sourcecode.swift; path = InMemoryFeedStore.swift; sourceTree = "<group>"; };
/* End PBXFileReference section */

/* Begin PBXFrameworksBuildPhase section */
		87226DB62ADF0A8B00D13189 /* Frameworks */ = {
			isa = PBXFrameworksBuildPhase;
			buildActionMask = 2147483647;
			files = (
				87A5FC442AE17DD20087C621 /* EssentialFeed.framework in Frameworks */,
				87A5FC462AE17DD20087C621 /* EssentialFeediOS.framework in Frameworks */,
			);
			runOnlyForDeploymentPostprocessing = 0;
		};
		87226DCC2ADF0A8C00D13189 /* Frameworks */ = {
			isa = PBXFrameworksBuildPhase;
			buildActionMask = 2147483647;
			files = (
			);
			runOnlyForDeploymentPostprocessing = 0;
		};
/* End PBXFrameworksBuildPhase section */

/* Begin PBXGroup section */
		87226DB02ADF0A8B00D13189 = {
			isa = PBXGroup;
			children = (
				873E05C02AE29A6000F60EBE /* EssentialApp.xctestplan */,
				87226DBB2ADF0A8B00D13189 /* EssentialApp */,
				87226DD22ADF0A8C00D13189 /* EssentialAppTests */,
				87226DBA2ADF0A8B00D13189 /* Products */,
				87A5FC412AE17DD20087C621 /* Frameworks */,
			);
			sourceTree = "<group>";
		};
		87226DBA2ADF0A8B00D13189 /* Products */ = {
			isa = PBXGroup;
			children = (
				87226DB92ADF0A8B00D13189 /* EssentialApp.app */,
				87226DCF2ADF0A8C00D13189 /* EssentialAppTests.xctest */,
			);
			name = Products;
			sourceTree = "<group>";
		};
		87226DBB2ADF0A8B00D13189 /* EssentialApp */ = {
			isa = PBXGroup;
			children = (
				87E80E482AE2E82900C3EE50 /* Composers */,
				87226DBC2ADF0A8B00D13189 /* AppDelegate.swift */,
				87226DBE2ADF0A8B00D13189 /* SceneDelegate.swift */,
				8718AA9D2AE9331600908699 /* CombineHelpers.swift */,
				87226DC52ADF0A8C00D13189 /* Assets.xcassets */,
				87226DC72ADF0A8C00D13189 /* LaunchScreen.storyboard */,
				87226DCA2ADF0A8C00D13189 /* Info.plist */,
			);
			path = EssentialApp;
			sourceTree = "<group>";
		};
		87226DD22ADF0A8C00D13189 /* EssentialAppTests */ = {
			isa = PBXGroup;
			children = (
				87A5FC382AE16A080087C621 /* Helpers */,
				87E80E552AE2E84300C3EE50 /* FeedUIIntegrationTests.swift */,
				87616AFE2AED26DA002265CD /* CommentsUIIntegrationTests.swift */,
				87E80E652AE2EB7F00C3EE50 /* SceneDelegateTests.swift */,
				87E80E672AE2ECF100C3EE50 /* FeedAcceptanceTests.swift */,
			);
			path = EssentialAppTests;
			sourceTree = "<group>";
		};
		87A5FC382AE16A080087C621 /* Helpers */ = {
			isa = PBXGroup;
			children = (
				87E80E632AE2E9DE00C3EE50 /* XCTestCase+Localizable.swift */,
				87E80E582AE2E85B00C3EE50 /* UIImage+TestHelpers.swift */,
				87E80E5A2AE2E85B00C3EE50 /* FeedUIIntegrationTests+LoaderSpy.swift */,
				87E80E592AE2E85B00C3EE50 /* UIButton+TestHelpers.swift */,
				87E80E5B2AE2E85B00C3EE50 /* UIRefreshControl+TestHelpers.swift */,
				87E80E5C2AE2E85B00C3EE50 /* FeedItemCell+TestHelpers.swift */,
				87E80E572AE2E85B00C3EE50 /* FeedViewController+TestHelpers.swift */,
				87A5FC392AE16A490087C621 /* XCTestCase+Utils.swift */,
				87E80E692AE2EDA800C3EE50 /* HTTPClientStub.swift */,
				87E80E6B2AE2EE4300C3EE50 /* InMemoryFeedStore.swift */,
				8718AA982AE4377D00908699 /* UIView+TestHelpers.swift */,
			);
			path = Helpers;
			sourceTree = "<group>";
		};
		87A5FC412AE17DD20087C621 /* Frameworks */ = {
			isa = PBXGroup;
			children = (
				87A5FC422AE17DD20087C621 /* EssentialFeed.framework */,
				87A5FC432AE17DD20087C621 /* EssentialFeediOS.framework */,
			);
			name = Frameworks;
			sourceTree = "<group>";
		};
		87E80E482AE2E82900C3EE50 /* Composers */ = {
			isa = PBXGroup;
			children = (
				87E80E4D2AE2E82900C3EE50 /* FeedUIComposer.swift */,
				87616B002AED27D1002265CD /* CommentsUIComposer.swift */,
				87E80E492AE2E82900C3EE50 /* WeakRefVirtualProxy.swift */,
				87E80E4B2AE2E82900C3EE50 /* ResourceLoaderPresenterAdapter.swift */,
				87E80E4E2AE2E82900C3EE50 /* FeedAdapter.swift */,
			);
			path = Composers;
			sourceTree = "<group>";
		};
/* End PBXGroup section */

/* Begin PBXNativeTarget section */
		87226DB82ADF0A8B00D13189 /* EssentialApp */ = {
			isa = PBXNativeTarget;
			buildConfigurationList = 87226DE32ADF0A8C00D13189 /* Build configuration list for PBXNativeTarget "EssentialApp" */;
			buildPhases = (
				87226DB52ADF0A8B00D13189 /* Sources */,
				87226DB62ADF0A8B00D13189 /* Frameworks */,
				87226DB72ADF0A8B00D13189 /* Resources */,
				87A5FC482AE17DD20087C621 /* Embed Frameworks */,
			);
			buildRules = (
			);
			dependencies = (
			);
			name = EssentialApp;
			productName = EssentialApp;
			productReference = 87226DB92ADF0A8B00D13189 /* EssentialApp.app */;
			productType = "com.apple.product-type.application";
		};
		87226DCE2ADF0A8C00D13189 /* EssentialAppTests */ = {
			isa = PBXNativeTarget;
			buildConfigurationList = 87226DE62ADF0A8C00D13189 /* Build configuration list for PBXNativeTarget "EssentialAppTests" */;
			buildPhases = (
				87226DCB2ADF0A8C00D13189 /* Sources */,
				87226DCC2ADF0A8C00D13189 /* Frameworks */,
				87226DCD2ADF0A8C00D13189 /* Resources */,
			);
			buildRules = (
			);
			dependencies = (
				87226DD12ADF0A8C00D13189 /* PBXTargetDependency */,
			);
			name = EssentialAppTests;
			productName = EssentialAppTests;
			productReference = 87226DCF2ADF0A8C00D13189 /* EssentialAppTests.xctest */;
			productType = "com.apple.product-type.bundle.unit-test";
		};
/* End PBXNativeTarget section */

/* Begin PBXProject section */
		87226DB12ADF0A8B00D13189 /* Project object */ = {
			isa = PBXProject;
			attributes = {
				BuildIndependentTargetsInParallel = 1;
				LastSwiftUpdateCheck = 1500;
				LastUpgradeCheck = 1500;
				TargetAttributes = {
					87226DB82ADF0A8B00D13189 = {
						CreatedOnToolsVersion = 15.0;
					};
					87226DCE2ADF0A8C00D13189 = {
						CreatedOnToolsVersion = 15.0;
						TestTargetID = 87226DB82ADF0A8B00D13189;
					};
				};
			};
			buildConfigurationList = 87226DB42ADF0A8B00D13189 /* Build configuration list for PBXProject "EssentialApp" */;
			compatibilityVersion = "Xcode 14.0";
			developmentRegion = en;
			hasScannedForEncodings = 0;
			knownRegions = (
				en,
				Base,
			);
			mainGroup = 87226DB02ADF0A8B00D13189;
			productRefGroup = 87226DBA2ADF0A8B00D13189 /* Products */;
			projectDirPath = "";
			projectRoot = "";
			targets = (
				87226DB82ADF0A8B00D13189 /* EssentialApp */,
				87226DCE2ADF0A8C00D13189 /* EssentialAppTests */,
			);
		};
/* End PBXProject section */

/* Begin PBXResourcesBuildPhase section */
		87226DB72ADF0A8B00D13189 /* Resources */ = {
			isa = PBXResourcesBuildPhase;
			buildActionMask = 2147483647;
			files = (
				87226DC92ADF0A8C00D13189 /* LaunchScreen.storyboard in Resources */,
				87226DC62ADF0A8C00D13189 /* Assets.xcassets in Resources */,
			);
			runOnlyForDeploymentPostprocessing = 0;
		};
		87226DCD2ADF0A8C00D13189 /* Resources */ = {
			isa = PBXResourcesBuildPhase;
			buildActionMask = 2147483647;
			files = (
			);
			runOnlyForDeploymentPostprocessing = 0;
		};
/* End PBXResourcesBuildPhase section */

/* Begin PBXSourcesBuildPhase section */
		87226DB52ADF0A8B00D13189 /* Sources */ = {
			isa = PBXSourcesBuildPhase;
			buildActionMask = 2147483647;
			files = (
				87E80E4F2AE2E82900C3EE50 /* FeedUIComposer.swift in Sources */,
				87616B012AED27D1002265CD /* CommentsUIComposer.swift in Sources */,
				87226DBD2ADF0A8B00D13189 /* AppDelegate.swift in Sources */,
				87226DBF2ADF0A8B00D13189 /* SceneDelegate.swift in Sources */,
				87E80E502AE2E82900C3EE50 /* FeedAdapter.swift in Sources */,
				87E80E542AE2E82900C3EE50 /* ResourceLoaderPresenterAdapter.swift in Sources */,
				87E80E532AE2E82900C3EE50 /* WeakRefVirtualProxy.swift in Sources */,
				8718AA9E2AE9331600908699 /* CombineHelpers.swift in Sources */,
			);
			runOnlyForDeploymentPostprocessing = 0;
		};
		87226DCB2ADF0A8C00D13189 /* Sources */ = {
			isa = PBXSourcesBuildPhase;
			buildActionMask = 2147483647;
			files = (
				87E80E612AE2E85B00C3EE50 /* FeedUIIntegrationTests+LoaderSpy.swift in Sources */,
				87E80E642AE2E9DE00C3EE50 /* XCTestCase+Localizable.swift in Sources */,
				87E80E6C2AE2EE4300C3EE50 /* InMemoryFeedStore.swift in Sources */,
				87A5FC3A2AE16A490087C621 /* XCTestCase+Utils.swift in Sources */,
				87E80E662AE2EB7F00C3EE50 /* SceneDelegateTests.swift in Sources */,
				87E80E682AE2ECF100C3EE50 /* FeedAcceptanceTests.swift in Sources */,
				87E80E6A2AE2EDA800C3EE50 /* HTTPClientStub.swift in Sources */,
				87616AFF2AED26DA002265CD /* CommentsUIIntegrationTests.swift in Sources */,
				87E80E602AE2E85B00C3EE50 /* FeedViewController+TestHelpers.swift in Sources */,
				87E80E5D2AE2E85B00C3EE50 /* UIButton+TestHelpers.swift in Sources */,
				87E80E5F2AE2E85B00C3EE50 /* UIImage+TestHelpers.swift in Sources */,
				87E80E562AE2E84300C3EE50 /* FeedUIIntegrationTests.swift in Sources */,
				8718AA992AE4377D00908699 /* UIView+TestHelpers.swift in Sources */,
				87E80E622AE2E85B00C3EE50 /* UIRefreshControl+TestHelpers.swift in Sources */,
				87E80E5E2AE2E85B00C3EE50 /* FeedItemCell+TestHelpers.swift in Sources */,
			);
			runOnlyForDeploymentPostprocessing = 0;
		};
/* End PBXSourcesBuildPhase section */

/* Begin PBXTargetDependency section */
		87226DD12ADF0A8C00D13189 /* PBXTargetDependency */ = {
			isa = PBXTargetDependency;
			target = 87226DB82ADF0A8B00D13189 /* EssentialApp */;
			targetProxy = 87226DD02ADF0A8C00D13189 /* PBXContainerItemProxy */;
		};
/* End PBXTargetDependency section */

/* Begin PBXVariantGroup section */
		87226DC72ADF0A8C00D13189 /* LaunchScreen.storyboard */ = {
			isa = PBXVariantGroup;
			children = (
				87226DC82ADF0A8C00D13189 /* Base */,
			);
			name = LaunchScreen.storyboard;
			sourceTree = "<group>";
		};
/* End PBXVariantGroup section */

/* Begin XCBuildConfiguration section */
		87226DE12ADF0A8C00D13189 /* Debug */ = {
			isa = XCBuildConfiguration;
			buildSettings = {
				ALWAYS_SEARCH_USER_PATHS = NO;
				ASSETCATALOG_COMPILER_GENERATE_SWIFT_ASSET_SYMBOL_EXTENSIONS = YES;
				CLANG_ANALYZER_NONNULL = YES;
				CLANG_ANALYZER_NUMBER_OBJECT_CONVERSION = YES_AGGRESSIVE;
				CLANG_CXX_LANGUAGE_STANDARD = "gnu++20";
				CLANG_ENABLE_MODULES = YES;
				CLANG_ENABLE_OBJC_ARC = YES;
				CLANG_ENABLE_OBJC_WEAK = YES;
				CLANG_WARN_BLOCK_CAPTURE_AUTORELEASING = YES;
				CLANG_WARN_BOOL_CONVERSION = YES;
				CLANG_WARN_COMMA = YES;
				CLANG_WARN_CONSTANT_CONVERSION = YES;
				CLANG_WARN_DEPRECATED_OBJC_IMPLEMENTATIONS = YES;
				CLANG_WARN_DIRECT_OBJC_ISA_USAGE = YES_ERROR;
				CLANG_WARN_DOCUMENTATION_COMMENTS = YES;
				CLANG_WARN_EMPTY_BODY = YES;
				CLANG_WARN_ENUM_CONVERSION = YES;
				CLANG_WARN_INFINITE_RECURSION = YES;
				CLANG_WARN_INT_CONVERSION = YES;
				CLANG_WARN_NON_LITERAL_NULL_CONVERSION = YES;
				CLANG_WARN_OBJC_IMPLICIT_RETAIN_SELF = YES;
				CLANG_WARN_OBJC_LITERAL_CONVERSION = YES;
				CLANG_WARN_OBJC_ROOT_CLASS = YES_ERROR;
				CLANG_WARN_QUOTED_INCLUDE_IN_FRAMEWORK_HEADER = YES;
				CLANG_WARN_RANGE_LOOP_ANALYSIS = YES;
				CLANG_WARN_STRICT_PROTOTYPES = YES;
				CLANG_WARN_SUSPICIOUS_MOVE = YES;
				CLANG_WARN_UNGUARDED_AVAILABILITY = YES_AGGRESSIVE;
				CLANG_WARN_UNREACHABLE_CODE = YES;
				CLANG_WARN__DUPLICATE_METHOD_MATCH = YES;
				COPY_PHASE_STRIP = NO;
				DEBUG_INFORMATION_FORMAT = dwarf;
				ENABLE_STRICT_OBJC_MSGSEND = YES;
				ENABLE_TESTABILITY = YES;
				ENABLE_USER_SCRIPT_SANDBOXING = YES;
				GCC_C_LANGUAGE_STANDARD = gnu17;
				GCC_DYNAMIC_NO_PIC = NO;
				GCC_NO_COMMON_BLOCKS = YES;
				GCC_OPTIMIZATION_LEVEL = 0;
				GCC_PREPROCESSOR_DEFINITIONS = (
					"DEBUG=1",
					"$(inherited)",
				);
				GCC_WARN_64_TO_32_BIT_CONVERSION = YES;
				GCC_WARN_ABOUT_RETURN_TYPE = YES_ERROR;
				GCC_WARN_UNDECLARED_SELECTOR = YES;
				GCC_WARN_UNINITIALIZED_AUTOS = YES_AGGRESSIVE;
				GCC_WARN_UNUSED_FUNCTION = YES;
				GCC_WARN_UNUSED_VARIABLE = YES;
				IPHONEOS_DEPLOYMENT_TARGET = 17.0;
				LOCALIZATION_PREFERS_STRING_CATALOGS = YES;
				MTL_ENABLE_DEBUG_INFO = INCLUDE_SOURCE;
				MTL_FAST_MATH = YES;
				ONLY_ACTIVE_ARCH = YES;
				SDKROOT = iphoneos;
				SWIFT_ACTIVE_COMPILATION_CONDITIONS = "DEBUG $(inherited)";
				SWIFT_OPTIMIZATION_LEVEL = "-Onone";
			};
			name = Debug;
		};
		87226DE22ADF0A8C00D13189 /* Release */ = {
			isa = XCBuildConfiguration;
			buildSettings = {
				ALWAYS_SEARCH_USER_PATHS = NO;
				ASSETCATALOG_COMPILER_GENERATE_SWIFT_ASSET_SYMBOL_EXTENSIONS = YES;
				CLANG_ANALYZER_NONNULL = YES;
				CLANG_ANALYZER_NUMBER_OBJECT_CONVERSION = YES_AGGRESSIVE;
				CLANG_CXX_LANGUAGE_STANDARD = "gnu++20";
				CLANG_ENABLE_MODULES = YES;
				CLANG_ENABLE_OBJC_ARC = YES;
				CLANG_ENABLE_OBJC_WEAK = YES;
				CLANG_WARN_BLOCK_CAPTURE_AUTORELEASING = YES;
				CLANG_WARN_BOOL_CONVERSION = YES;
				CLANG_WARN_COMMA = YES;
				CLANG_WARN_CONSTANT_CONVERSION = YES;
				CLANG_WARN_DEPRECATED_OBJC_IMPLEMENTATIONS = YES;
				CLANG_WARN_DIRECT_OBJC_ISA_USAGE = YES_ERROR;
				CLANG_WARN_DOCUMENTATION_COMMENTS = YES;
				CLANG_WARN_EMPTY_BODY = YES;
				CLANG_WARN_ENUM_CONVERSION = YES;
				CLANG_WARN_INFINITE_RECURSION = YES;
				CLANG_WARN_INT_CONVERSION = YES;
				CLANG_WARN_NON_LITERAL_NULL_CONVERSION = YES;
				CLANG_WARN_OBJC_IMPLICIT_RETAIN_SELF = YES;
				CLANG_WARN_OBJC_LITERAL_CONVERSION = YES;
				CLANG_WARN_OBJC_ROOT_CLASS = YES_ERROR;
				CLANG_WARN_QUOTED_INCLUDE_IN_FRAMEWORK_HEADER = YES;
				CLANG_WARN_RANGE_LOOP_ANALYSIS = YES;
				CLANG_WARN_STRICT_PROTOTYPES = YES;
				CLANG_WARN_SUSPICIOUS_MOVE = YES;
				CLANG_WARN_UNGUARDED_AVAILABILITY = YES_AGGRESSIVE;
				CLANG_WARN_UNREACHABLE_CODE = YES;
				CLANG_WARN__DUPLICATE_METHOD_MATCH = YES;
				COPY_PHASE_STRIP = NO;
				DEBUG_INFORMATION_FORMAT = "dwarf-with-dsym";
				ENABLE_NS_ASSERTIONS = NO;
				ENABLE_STRICT_OBJC_MSGSEND = YES;
				ENABLE_USER_SCRIPT_SANDBOXING = YES;
				GCC_C_LANGUAGE_STANDARD = gnu17;
				GCC_NO_COMMON_BLOCKS = YES;
				GCC_WARN_64_TO_32_BIT_CONVERSION = YES;
				GCC_WARN_ABOUT_RETURN_TYPE = YES_ERROR;
				GCC_WARN_UNDECLARED_SELECTOR = YES;
				GCC_WARN_UNINITIALIZED_AUTOS = YES_AGGRESSIVE;
				GCC_WARN_UNUSED_FUNCTION = YES;
				GCC_WARN_UNUSED_VARIABLE = YES;
				IPHONEOS_DEPLOYMENT_TARGET = 17.0;
				LOCALIZATION_PREFERS_STRING_CATALOGS = YES;
				MTL_ENABLE_DEBUG_INFO = NO;
				MTL_FAST_MATH = YES;
				SDKROOT = iphoneos;
				SWIFT_COMPILATION_MODE = wholemodule;
				VALIDATE_PRODUCT = YES;
			};
			name = Release;
		};
		87226DE42ADF0A8C00D13189 /* Debug */ = {
			isa = XCBuildConfiguration;
			buildSettings = {
				ASSETCATALOG_COMPILER_APPICON_NAME = AppIcon;
				ASSETCATALOG_COMPILER_GLOBAL_ACCENT_COLOR_NAME = AccentColor;
				CODE_SIGN_STYLE = Automatic;
				CURRENT_PROJECT_VERSION = 1;
				DEVELOPMENT_TEAM = F48VQGX2CM;
				GENERATE_INFOPLIST_FILE = YES;
				INFOPLIST_FILE = EssentialApp/Info.plist;
				INFOPLIST_KEY_UIApplicationSupportsIndirectInputEvents = YES;
				INFOPLIST_KEY_UILaunchStoryboardName = LaunchScreen;
				INFOPLIST_KEY_UISupportedInterfaceOrientations = UIInterfaceOrientationPortrait;
				INFOPLIST_KEY_UISupportedInterfaceOrientations_iPad = "UIInterfaceOrientationLandscapeLeft UIInterfaceOrientationLandscapeRight UIInterfaceOrientationPortrait UIInterfaceOrientationPortraitUpsideDown";
				LD_RUNPATH_SEARCH_PATHS = (
					"$(inherited)",
					"@executable_path/Frameworks",
				);
				MARKETING_VERSION = 1.0;
				PRODUCT_BUNDLE_IDENTIFIER = com.alexmotoc.EssentialApp;
				PRODUCT_NAME = "$(TARGET_NAME)";
				SWIFT_EMIT_LOC_STRINGS = YES;
				SWIFT_VERSION = 5.0;
				TARGETED_DEVICE_FAMILY = "1,2";
			};
			name = Debug;
		};
		87226DE52ADF0A8C00D13189 /* Release */ = {
			isa = XCBuildConfiguration;
			buildSettings = {
				ASSETCATALOG_COMPILER_APPICON_NAME = AppIcon;
				ASSETCATALOG_COMPILER_GLOBAL_ACCENT_COLOR_NAME = AccentColor;
				CODE_SIGN_STYLE = Automatic;
				CURRENT_PROJECT_VERSION = 1;
				DEVELOPMENT_TEAM = F48VQGX2CM;
				GENERATE_INFOPLIST_FILE = YES;
				INFOPLIST_FILE = EssentialApp/Info.plist;
				INFOPLIST_KEY_UIApplicationSupportsIndirectInputEvents = YES;
				INFOPLIST_KEY_UILaunchStoryboardName = LaunchScreen;
				INFOPLIST_KEY_UISupportedInterfaceOrientations = UIInterfaceOrientationPortrait;
				INFOPLIST_KEY_UISupportedInterfaceOrientations_iPad = "UIInterfaceOrientationLandscapeLeft UIInterfaceOrientationLandscapeRight UIInterfaceOrientationPortrait UIInterfaceOrientationPortraitUpsideDown";
				LD_RUNPATH_SEARCH_PATHS = (
					"$(inherited)",
					"@executable_path/Frameworks",
				);
				MARKETING_VERSION = 1.0;
				PRODUCT_BUNDLE_IDENTIFIER = com.alexmotoc.EssentialApp;
				PRODUCT_NAME = "$(TARGET_NAME)";
				SWIFT_EMIT_LOC_STRINGS = YES;
				SWIFT_VERSION = 5.0;
				TARGETED_DEVICE_FAMILY = "1,2";
			};
			name = Release;
		};
		87226DE72ADF0A8C00D13189 /* Debug */ = {
			isa = XCBuildConfiguration;
			buildSettings = {
				ALWAYS_EMBED_SWIFT_STANDARD_LIBRARIES = YES;
				BUNDLE_LOADER = "$(TEST_HOST)";
				CODE_SIGN_STYLE = Automatic;
				CURRENT_PROJECT_VERSION = 1;
				DEVELOPMENT_TEAM = F48VQGX2CM;
				GENERATE_INFOPLIST_FILE = YES;
				IPHONEOS_DEPLOYMENT_TARGET = 17.0;
				MARKETING_VERSION = 1.0;
				PRODUCT_BUNDLE_IDENTIFIER = com.alexmotoc.EssentialAppTests;
				PRODUCT_NAME = "$(TARGET_NAME)";
				SWIFT_EMIT_LOC_STRINGS = NO;
				SWIFT_VERSION = 5.0;
				TARGETED_DEVICE_FAMILY = "1,2";
				TEST_HOST = "$(BUILT_PRODUCTS_DIR)/EssentialApp.app/$(BUNDLE_EXECUTABLE_FOLDER_PATH)/EssentialApp";
			};
			name = Debug;
		};
		87226DE82ADF0A8C00D13189 /* Release */ = {
			isa = XCBuildConfiguration;
			buildSettings = {
				ALWAYS_EMBED_SWIFT_STANDARD_LIBRARIES = YES;
				BUNDLE_LOADER = "$(TEST_HOST)";
				CODE_SIGN_STYLE = Automatic;
				CURRENT_PROJECT_VERSION = 1;
				DEVELOPMENT_TEAM = F48VQGX2CM;
				GENERATE_INFOPLIST_FILE = YES;
				IPHONEOS_DEPLOYMENT_TARGET = 17.0;
				MARKETING_VERSION = 1.0;
				PRODUCT_BUNDLE_IDENTIFIER = com.alexmotoc.EssentialAppTests;
				PRODUCT_NAME = "$(TARGET_NAME)";
				SWIFT_EMIT_LOC_STRINGS = NO;
				SWIFT_VERSION = 5.0;
				TARGETED_DEVICE_FAMILY = "1,2";
				TEST_HOST = "$(BUILT_PRODUCTS_DIR)/EssentialApp.app/$(BUNDLE_EXECUTABLE_FOLDER_PATH)/EssentialApp";
			};
			name = Release;
		};
/* End XCBuildConfiguration section */

/* Begin XCConfigurationList section */
		87226DB42ADF0A8B00D13189 /* Build configuration list for PBXProject "EssentialApp" */ = {
			isa = XCConfigurationList;
			buildConfigurations = (
				87226DE12ADF0A8C00D13189 /* Debug */,
				87226DE22ADF0A8C00D13189 /* Release */,
			);
			defaultConfigurationIsVisible = 0;
			defaultConfigurationName = Release;
		};
		87226DE32ADF0A8C00D13189 /* Build configuration list for PBXNativeTarget "EssentialApp" */ = {
			isa = XCConfigurationList;
			buildConfigurations = (
				87226DE42ADF0A8C00D13189 /* Debug */,
				87226DE52ADF0A8C00D13189 /* Release */,
			);
			defaultConfigurationIsVisible = 0;
			defaultConfigurationName = Release;
		};
		87226DE62ADF0A8C00D13189 /* Build configuration list for PBXNativeTarget "EssentialAppTests" */ = {
			isa = XCConfigurationList;
			buildConfigurations = (
				87226DE72ADF0A8C00D13189 /* Debug */,
				87226DE82ADF0A8C00D13189 /* Release */,
			);
			defaultConfigurationIsVisible = 0;
			defaultConfigurationName = Release;
		};
/* End XCConfigurationList section */
	};
	rootObject = 87226DB12ADF0A8B00D13189 /* Project object */;
}
